// !$*UTF8*$!
{
	archiveVersion = 1;
	classes = {
	};
	objectVersion = 46;
	objects = {

/* Begin PBXBuildFile section */
		B6002C31189EF15E00466654 /* MainMenu.xib in Resources */ = {isa = PBXBuildFile; fileRef = B6002C30189EF15E00466654 /* MainMenu.xib */; };
		B60BCE3418AD029900FBEB05 /* snapshot.c in Sources */ = {isa = PBXBuildFile; fileRef = B60BCE3318AD029900FBEB05 /* snapshot.c */; };
		B621824118732CB0008AC5DD /* RakTabView.m in Sources */ = {isa = PBXBuildFile; fileRef = B621824018732CB0008AC5DD /* RakTabView.m */; };
		B62182471873527A008AC5DD /* Prefs.m in Sources */ = {isa = PBXBuildFile; fileRef = B62182461873527A008AC5DD /* Prefs.m */; };
		B63078301899CF9400589988 /* QuartzCore.framework in Frameworks */ = {isa = PBXBuildFile; fileRef = B630782F1899CF9400589988 /* QuartzCore.framework */; };
		B64640D81870DBD2005705E7 /* PrefsUI.m in Sources */ = {isa = PBXBuildFile; fileRef = B64640D71870DBD2005705E7 /* PrefsUI.m */; };
		B646EA7A18A6EEFF00F96F8A /* errors.m in Sources */ = {isa = PBXBuildFile; fileRef = B646EA7918A6EEFF00F96F8A /* errors.m */; };
		B668FBEE188344AE00549A3C /* RakPrefsDeepData.m in Sources */ = {isa = PBXBuildFile; fileRef = B668FBED188344AE00549A3C /* RakPrefsDeepData.m */; };
		B66CDD35189C8866007B9389 /* RakTabAnimationResize.m in Sources */ = {isa = PBXBuildFile; fileRef = B66CDD34189C8866007B9389 /* RakTabAnimationResize.m */; };
		B67449401875E65000F96DB4 /* Footer.m in Sources */ = {isa = PBXBuildFile; fileRef = B674493B1875E65000F96DB4 /* Footer.m */; };
		B67449411875E65000F96DB4 /* FooterSDrag.m in Sources */ = {isa = PBXBuildFile; fileRef = B674493D1875E65000F96DB4 /* FooterSDrag.m */; };
		B67449421875E65000F96DB4 /* FooterSStatic.m in Sources */ = {isa = PBXBuildFile; fileRef = B674493F1875E65000F96DB4 /* FooterSStatic.m */; };
		B69D61D5186CA2F2003504F9 /* Reader.m in Sources */ = {isa = PBXBuildFile; fileRef = B69D61D4186CA2F2003504F9 /* Reader.m */; };
		B69D61D8186CA308003504F9 /* Series.m in Sources */ = {isa = PBXBuildFile; fileRef = B69D61D7186CA308003504F9 /* Series.m */; };
		B69D61DE186CA3D0003504F9 /* MDL.m in Sources */ = {isa = PBXBuildFile; fileRef = B69D61DD186CA3D0003504F9 /* MDL.m */; };
		B6B3830E188740D7005B5F01 /* RakPrefsTabSize.m in Sources */ = {isa = PBXBuildFile; fileRef = B6B3830D188740D7005B5F01 /* RakPrefsTabSize.m */; };
		B6CF07BF1868DD58009B16A3 /* Cocoa.framework in Frameworks */ = {isa = PBXBuildFile; fileRef = B6CF07BE1868DD58009B16A3 /* Cocoa.framework */; };
		B6CF07D21868DD58009B16A3 /* RakAppDelegate.m in Sources */ = {isa = PBXBuildFile; fileRef = B6CF07D11868DD58009B16A3 /* RakAppDelegate.m */; };
		B6E5146518771492006470ED /* RakButton.m in Sources */ = {isa = PBXBuildFile; fileRef = B6E5146418771492006470ED /* RakButton.m */; };
		B6E89389189EF39700ACAF36 /* CTSelec.m in Sources */ = {isa = PBXBuildFile; fileRef = B6E89388189EF39700ACAF36 /* CTSelec.m */; };
		B6E8938C189EF3A600ACAF36 /* Images.xcassets in Resources */ = {isa = PBXBuildFile; fileRef = B6E8938A189EF3A600ACAF36 /* Images.xcassets */; };
		B6E8938D189EF3A600ACAF36 /* main.m in Sources */ = {isa = PBXBuildFile; fileRef = B6E8938B189EF3A600ACAF36 /* main.m */; };
		B6EA51FF18A4065A00A9B16E /* libcrypto.a in Frameworks */ = {isa = PBXBuildFile; fileRef = B6EA51FC18A4065A00A9B16E /* libcrypto.a */; };
		B6EA520018A4065A00A9B16E /* libcurl.a in Frameworks */ = {isa = PBXBuildFile; fileRef = B6EA51FD18A4065A00A9B16E /* libcurl.a */; };
		B6EA520118A4065A00A9B16E /* libssl.a in Frameworks */ = {isa = PBXBuildFile; fileRef = B6EA51FE18A4065A00A9B16E /* libssl.a */; };
		B6EA520318A407EF00A9B16E /* libz.a in Frameworks */ = {isa = PBXBuildFile; fileRef = B6EA520218A407EF00A9B16E /* libz.a */; };
		B6EA520718A4111000A9B16E /* interface.m in Sources */ = {isa = PBXBuildFile; fileRef = B6EA520618A4111000A9B16E /* interface.m */; };
		B6EDE77518B02BCC00DB3AFC /* Credits.rtf in Resources */ = {isa = PBXBuildFile; fileRef = B6EDE77318B02BCC00DB3AFC /* Credits.rtf */; };
		B6EE0265188B4F57001F8363 /* RakPrefsTabDeepData.m in Sources */ = {isa = PBXBuildFile; fileRef = B6EE0264188B4F57001F8363 /* RakPrefsTabDeepData.m */; };
		B6EE0268188B4FEA001F8363 /* RakPrefsMDLDeepData.m in Sources */ = {isa = PBXBuildFile; fileRef = B6EE0267188B4FEA001F8363 /* RakPrefsMDLDeepData.m */; };
		B6F6ECEA18A3001400E3B55B /* affichage.c in Sources */ = {isa = PBXBuildFile; fileRef = B6F6ECA318A3001400E3B55B /* affichage.c */; };
		B6F6ECEB18A3001400E3B55B /* chapitre.c in Sources */ = {isa = PBXBuildFile; fileRef = B6F6ECA418A3001400E3B55B /* chapitre.c */; };
		B6F6ECEC18A3001400E3B55B /* check.c in Sources */ = {isa = PBXBuildFile; fileRef = B6F6ECA518A3001400E3B55B /* check.c */; };
		B6F6ECED18A3001400E3B55B /* pbkdf2.c in Sources */ = {isa = PBXBuildFile; fileRef = B6F6ECA818A3001400E3B55B /* pbkdf2.c */; };
		B6F6ECEE18A3001400E3B55B /* Rijndael.c in Sources */ = {isa = PBXBuildFile; fileRef = B6F6ECA918A3001400E3B55B /* Rijndael.c */; };
		B6F6ECEF18A3001400E3B55B /* Serpent.c in Sources */ = {isa = PBXBuildFile; fileRef = B6F6ECAB18A3001400E3B55B /* Serpent.c */; };
		B6F6ECF018A3001400E3B55B /* sha256.c in Sources */ = {isa = PBXBuildFile; fileRef = B6F6ECAC18A3001400E3B55B /* sha256.c */; };
		B6F6ECF118A3001400E3B55B /* Twofish.c in Sources */ = {isa = PBXBuildFile; fileRef = B6F6ECAE18A3001400E3B55B /* Twofish.c */; };
		B6F6ECF218A3001400E3B55B /* CTCommon.c in Sources */ = {isa = PBXBuildFile; fileRef = B6F6ECAF18A3001400E3B55B /* CTCommon.c */; };
		B6F6ECF318A3001400E3B55B /* DBRefresh.c in Sources */ = {isa = PBXBuildFile; fileRef = B6F6ECB018A3001400E3B55B /* DBRefresh.c */; };
		B6F6ECF418A3001400E3B55B /* download.c in Sources */ = {isa = PBXBuildFile; fileRef = B6F6ECB218A3001400E3B55B /* download.c */; };
		B6F6ECF518A3001400E3B55B /* engine.c in Sources */ = {isa = PBXBuildFile; fileRef = B6F6ECB318A3001400E3B55B /* engine.c */; };
		B6F6ECF618A3001400E3B55B /* error.c in Sources */ = {isa = PBXBuildFile; fileRef = B6F6ECB418A3001400E3B55B /* error.c */; };
		B6F6ECF718A3001400E3B55B /* favoris.c in Sources */ = {isa = PBXBuildFile; fileRef = B6F6ECB618A3001400E3B55B /* favoris.c */; };
		B6F6ECF818A3001400E3B55B /* graphics.c in Sources */ = {isa = PBXBuildFile; fileRef = B6F6ECB818A3001400E3B55B /* graphics.c */; };
		B6F6ECF918A3001400E3B55B /* interface.c in Sources */ = {isa = PBXBuildFile; fileRef = B6F6ECBA18A3001400E3B55B /* interface.c */; };
		B6F6ECFB18A3001400E3B55B /* keys.c in Sources */ = {isa = PBXBuildFile; fileRef = B6F6ECBC18A3001400E3B55B /* keys.c */; };
		B6F6ECFC18A3001400E3B55B /* lecteur_check_newElems.c in Sources */ = {isa = PBXBuildFile; fileRef = B6F6ECBD18A3001400E3B55B /* lecteur_check_newElems.c */; };
		B6F6ECFD18A3001400E3B55B /* lecteur_event.c in Sources */ = {isa = PBXBuildFile; fileRef = B6F6ECBE18A3001400E3B55B /* lecteur_event.c */; };
		B6F6ECFE18A3001400E3B55B /* lecteur_loading.c in Sources */ = {isa = PBXBuildFile; fileRef = B6F6ECBF18A3001400E3B55B /* lecteur_loading.c */; };
		B6F6ECFF18A3001400E3B55B /* lecteur_tool.c in Sources */ = {isa = PBXBuildFile; fileRef = B6F6ECC018A3001400E3B55B /* lecteur_tool.c */; };
		B6F6ED0018A3001400E3B55B /* lecteur_ui.c in Sources */ = {isa = PBXBuildFile; fileRef = B6F6ECC118A3001400E3B55B /* lecteur_ui.c */; };
		B6F6ED0118A3001400E3B55B /* lecteur.c in Sources */ = {isa = PBXBuildFile; fileRef = B6F6ECC218A3001400E3B55B /* lecteur.c */; };
		B6F6ED0218A3001400E3B55B /* mainfunctions.c in Sources */ = {isa = PBXBuildFile; fileRef = B6F6ECC518A3001400E3B55B /* mainfunctions.c */; };
		B6F6ED0418A3001400E3B55B /* moduleDL_selec.c in Sources */ = {isa = PBXBuildFile; fileRef = B6F6ECC818A3001400E3B55B /* moduleDL_selec.c */; };
		B6F6ED0518A3001400E3B55B /* moduleDL2_events.c in Sources */ = {isa = PBXBuildFile; fileRef = B6F6ECCA18A3001400E3B55B /* moduleDL2_events.c */; };
		B6F6ED0618A3001400E3B55B /* moduleDL2_paid.c in Sources */ = {isa = PBXBuildFile; fileRef = B6F6ECCB18A3001400E3B55B /* moduleDL2_paid.c */; };
		B6F6ED0718A3001400E3B55B /* moduleDL2_tool.c in Sources */ = {isa = PBXBuildFile; fileRef = B6F6ECCC18A3001400E3B55B /* moduleDL2_tool.c */; };
		B6F6ED0818A3001400E3B55B /* moduleDL2_UI.c in Sources */ = {isa = PBXBuildFile; fileRef = B6F6ECCD18A3001400E3B55B /* moduleDL2_UI.c */; };
		B6F6ED0918A3001400E3B55B /* moduleDL2.c in Sources */ = {isa = PBXBuildFile; fileRef = B6F6ECCE18A3001400E3B55B /* moduleDL2.c */; };
		B6F6ED0A18A3001400E3B55B /* native.c in Sources */ = {isa = PBXBuildFile; fileRef = B6F6ECCF18A3001400E3B55B /* native.c */; };
		B6F6ED0B18A3001400E3B55B /* rakshata.c in Sources */ = {isa = PBXBuildFile; fileRef = B6F6ECD118A3001400E3B55B /* rakshata.c */; };
		B6F6ED0C18A3001400E3B55B /* repo.c in Sources */ = {isa = PBXBuildFile; fileRef = B6F6ECD218A3001400E3B55B /* repo.c */; };
		B6F6ED0D18A3001400E3B55B /* securite.c in Sources */ = {isa = PBXBuildFile; fileRef = B6F6ECD318A3001400E3B55B /* securite.c */; };
		B6F6ED0E18A3001400E3B55B /* selection.c in Sources */ = {isa = PBXBuildFile; fileRef = B6F6ECD418A3001400E3B55B /* selection.c */; };
		B6F6ED0F18A3001400E3B55B /* settings.c in Sources */ = {isa = PBXBuildFile; fileRef = B6F6ECD518A3001400E3B55B /* settings.c */; };
		B6F6ED1018A3001400E3B55B /* thread.c in Sources */ = {isa = PBXBuildFile; fileRef = B6F6ECD718A3001400E3B55B /* thread.c */; };
		B6F6ED1118A3001400E3B55B /* tome.c in Sources */ = {isa = PBXBuildFile; fileRef = B6F6ECD818A3001400E3B55B /* tome.c */; };
		B6F6ED1218A3001400E3B55B /* translation.c in Sources */ = {isa = PBXBuildFile; fileRef = B6F6ECD918A3001400E3B55B /* translation.c */; };
		B6F6ED1318A3001400E3B55B /* ioapi.c in Sources */ = {isa = PBXBuildFile; fileRef = B6F6ECDB18A3001400E3B55B /* ioapi.c */; };
		B6F6ED1518A3001400E3B55B /* miniunz.c in Sources */ = {isa = PBXBuildFile; fileRef = B6F6ECDF18A3001400E3B55B /* miniunz.c */; };
		B6F6ED1718A3001400E3B55B /* unzip_mz.c in Sources */ = {isa = PBXBuildFile; fileRef = B6F6ECE318A3001400E3B55B /* unzip_mz.c */; };
		B6F6ED1818A3001400E3B55B /* unzip.c in Sources */ = {isa = PBXBuildFile; fileRef = B6F6ECE718A3001400E3B55B /* unzip.c */; };
		B6F6ED1918A3001400E3B55B /* update.c in Sources */ = {isa = PBXBuildFile; fileRef = B6F6ECE818A3001400E3B55B /* update.c */; };
		B6F6ED1A18A3001400E3B55B /* utilitaires.c in Sources */ = {isa = PBXBuildFile; fileRef = B6F6ECE918A3001400E3B55B /* utilitaires.c */; };
		B6FD250618B123840025FE74 /* libsqlite.a in Frameworks */ = {isa = PBXBuildFile; fileRef = B6FD250518B123840025FE74 /* libsqlite.a */; };
		B6FD250918B1537E0025FE74 /* whirlpool.c in Sources */ = {isa = PBXBuildFile; fileRef = B6FD250818B1537E0025FE74 /* whirlpool.c */; };
		B6FE79E118B903B4004BE38D /* DBcache.c in Sources */ = {isa = PBXBuildFile; fileRef = B6FE79E018B903B4004BE38D /* DBcache.c */; };
/* End PBXBuildFile section */

/* Begin PBXFileReference section */
		B6002C30189EF15E00466654 /* MainMenu.xib */ = {isa = PBXFileReference; fileEncoding = 4; lastKnownFileType = file.xib; name = MainMenu.xib; path = Ressources/MainMenu.xib; sourceTree = "<group>"; };
		B60BCE3318AD029900FBEB05 /* snapshot.c */ = {isa = PBXFileReference; fileEncoding = 4; lastKnownFileType = sourcecode.c.c; name = snapshot.c; path = C/snapshot.c; sourceTree = "<group>"; };
		B621824018732CB0008AC5DD /* RakTabView.m */ = {isa = PBXFileReference; fileEncoding = 4; lastKnownFileType = sourcecode.c.objc; name = RakTabView.m; path = Utils/RakTabView.m; sourceTree = "<group>"; };
		B62182451873527A008AC5DD /* Prefs.h */ = {isa = PBXFileReference; fileEncoding = 4; lastKnownFileType = sourcecode.c.h; name = Prefs.h; path = Prefs/Prefs.h; sourceTree = "<group>"; };
		B62182461873527A008AC5DD /* Prefs.m */ = {isa = PBXFileReference; fileEncoding = 4; lastKnownFileType = sourcecode.c.objc; name = Prefs.m; path = Prefs/Prefs.m; sourceTree = "<group>"; };
		B621824818735395008AC5DD /* prefsTools.h */ = {isa = PBXFileReference; fileEncoding = 4; lastKnownFileType = sourcecode.c.h; name = prefsTools.h; path = Prefs/prefsTools.h; sourceTree = "<group>"; };
		B630782F1899CF9400589988 /* QuartzCore.framework */ = {isa = PBXFileReference; lastKnownFileType = wrapper.framework; name = QuartzCore.framework; path = ../../../../../../System/Library/Frameworks/QuartzCore.framework; sourceTree = "<group>"; };
		B64640D61870DBD2005705E7 /* PrefsUI.h */ = {isa = PBXFileReference; fileEncoding = 4; lastKnownFileType = sourcecode.c.h; name = PrefsUI.h; path = PrefsUI/PrefsUI.h; sourceTree = "<group>"; };
		B64640D71870DBD2005705E7 /* PrefsUI.m */ = {isa = PBXFileReference; fileEncoding = 4; lastKnownFileType = sourcecode.c.objc; name = PrefsUI.m; path = PrefsUI/PrefsUI.m; sourceTree = "<group>"; };
		B646EA7918A6EEFF00F96F8A /* errors.m */ = {isa = PBXFileReference; fileEncoding = 4; lastKnownFileType = sourcecode.c.objc; name = errors.m; path = "Objective C/Interface C/errors.m"; sourceTree = "<group>"; };
		B668FBEC188344AE00549A3C /* RakPrefsDeepData.h */ = {isa = PBXFileReference; fileEncoding = 4; lastKnownFileType = sourcecode.c.h; name = RakPrefsDeepData.h; path = Prefs/tools/RakPrefsDeepData.h; sourceTree = "<group>"; };
		B668FBED188344AE00549A3C /* RakPrefsDeepData.m */ = {isa = PBXFileReference; fileEncoding = 4; lastKnownFileType = sourcecode.c.objc; name = RakPrefsDeepData.m; path = Prefs/tools/RakPrefsDeepData.m; sourceTree = "<group>"; };
		B66CDD34189C8866007B9389 /* RakTabAnimationResize.m */ = {isa = PBXFileReference; fileEncoding = 4; lastKnownFileType = sourcecode.c.objc; name = RakTabAnimationResize.m; path = Utils/RakTabAnimationResize.m; sourceTree = "<group>"; };
		B674493A1875E65000F96DB4 /* Footer.h */ = {isa = PBXFileReference; fileEncoding = 4; lastKnownFileType = sourcecode.c.h; name = Footer.h; path = "Séries/Footer/Footer.h"; sourceTree = "<group>"; };
		B674493B1875E65000F96DB4 /* Footer.m */ = {isa = PBXFileReference; fileEncoding = 4; lastKnownFileType = sourcecode.c.objc; name = Footer.m; path = "Séries/Footer/Footer.m"; sourceTree = "<group>"; };
		B674493D1875E65000F96DB4 /* FooterSDrag.m */ = {isa = PBXFileReference; fileEncoding = 4; lastKnownFileType = sourcecode.c.objc; name = FooterSDrag.m; path = "Séries/Footer/FooterSDrag.m"; sourceTree = "<group>"; };
		B674493F1875E65000F96DB4 /* FooterSStatic.m */ = {isa = PBXFileReference; fileEncoding = 4; lastKnownFileType = sourcecode.c.objc; name = FooterSStatic.m; path = "Séries/Footer/FooterSStatic.m"; sourceTree = "<group>"; };
		B67449441876116200F96DB4 /* prefsRequest.h */ = {isa = PBXFileReference; lastKnownFileType = sourcecode.c.h; name = prefsRequest.h; path = Prefs/prefsRequest.h; sourceTree = "<group>"; };
		B67449451876118100F96DB4 /* prefsSetters.h */ = {isa = PBXFileReference; lastKnownFileType = sourcecode.c.h; name = prefsSetters.h; path = Prefs/prefsSetters.h; sourceTree = "<group>"; };
		B6744946187611BF00F96DB4 /* prefsMagic.h */ = {isa = PBXFileReference; lastKnownFileType = sourcecode.c.h; name = prefsMagic.h; path = Prefs/prefsMagic.h; sourceTree = "<group>"; };
		B69D61D3186CA2F2003504F9 /* Reader.h */ = {isa = PBXFileReference; fileEncoding = 4; lastKnownFileType = sourcecode.c.h; name = Reader.h; path = Reader/Reader.h; sourceTree = "<group>"; };
		B69D61D4186CA2F2003504F9 /* Reader.m */ = {isa = PBXFileReference; fileEncoding = 4; lastKnownFileType = sourcecode.c.objc; name = Reader.m; path = Reader/Reader.m; sourceTree = "<group>"; };
		B69D61D6186CA308003504F9 /* Series.h */ = {isa = PBXFileReference; fileEncoding = 4; lastKnownFileType = sourcecode.c.h; name = Series.h; path = "Séries/Series.h"; sourceTree = "<group>"; };
		B69D61D7186CA308003504F9 /* Series.m */ = {isa = PBXFileReference; fileEncoding = 4; lastKnownFileType = sourcecode.c.objc; name = Series.m; path = "Séries/Series.m"; sourceTree = "<group>"; };
		B69D61DC186CA3D0003504F9 /* MDL.h */ = {isa = PBXFileReference; fileEncoding = 4; lastKnownFileType = sourcecode.c.h; name = MDL.h; path = MDL/MDL.h; sourceTree = "<group>"; };
		B69D61DD186CA3D0003504F9 /* MDL.m */ = {isa = PBXFileReference; fileEncoding = 4; lastKnownFileType = sourcecode.c.objc; name = MDL.m; path = MDL/MDL.m; sourceTree = "<group>"; };
		B6B3830D188740D7005B5F01 /* RakPrefsTabSize.m */ = {isa = PBXFileReference; fileEncoding = 4; lastKnownFileType = sourcecode.c.objc; name = RakPrefsTabSize.m; path = Prefs/tools/RakPrefsTabSize.m; sourceTree = "<group>"; };
		B6CC724D18723121003A745B /* utils.h */ = {isa = PBXFileReference; lastKnownFileType = sourcecode.c.h; name = utils.h; path = Utils/utils.h; sourceTree = "<group>"; };
		B6CF07BB1868DD58009B16A3 /* Rakshata.app */ = {isa = PBXFileReference; explicitFileType = wrapper.application; includeInIndex = 0; path = Rakshata.app; sourceTree = BUILT_PRODUCTS_DIR; };
		B6CF07BE1868DD58009B16A3 /* Cocoa.framework */ = {isa = PBXFileReference; lastKnownFileType = wrapper.framework; name = Cocoa.framework; path = System/Library/Frameworks/Cocoa.framework; sourceTree = SDKROOT; };
		B6CF07C11868DD58009B16A3 /* AppKit.framework */ = {isa = PBXFileReference; lastKnownFileType = wrapper.framework; name = AppKit.framework; path = System/Library/Frameworks/AppKit.framework; sourceTree = SDKROOT; };
		B6CF07C21868DD58009B16A3 /* CoreData.framework */ = {isa = PBXFileReference; lastKnownFileType = wrapper.framework; name = CoreData.framework; path = System/Library/Frameworks/CoreData.framework; sourceTree = SDKROOT; };
		B6CF07C31868DD58009B16A3 /* Foundation.framework */ = {isa = PBXFileReference; lastKnownFileType = wrapper.framework; name = Foundation.framework; path = System/Library/Frameworks/Foundation.framework; sourceTree = SDKROOT; };
		B6CF07CC1868DD58009B16A3 /* Rakshata-Prefix.pch */ = {isa = PBXFileReference; lastKnownFileType = sourcecode.c.h; name = "Rakshata-Prefix.pch"; path = "Objective C/Rakshata-Prefix.pch"; sourceTree = "<group>"; };
		B6CF07D01868DD58009B16A3 /* RakAppDelegate.h */ = {isa = PBXFileReference; lastKnownFileType = sourcecode.c.h; path = RakAppDelegate.h; sourceTree = "<group>"; };
		B6CF07D11868DD58009B16A3 /* RakAppDelegate.m */ = {isa = PBXFileReference; lastKnownFileType = sourcecode.c.objc; path = RakAppDelegate.m; sourceTree = "<group>"; };
		B6CF07DC1868DD58009B16A3 /* RakshataTests.xctest */ = {isa = PBXFileReference; explicitFileType = wrapper.cfbundle; includeInIndex = 0; path = RakshataTests.xctest; sourceTree = BUILT_PRODUCTS_DIR; };
		B6E5146418771492006470ED /* RakButton.m */ = {isa = PBXFileReference; fileEncoding = 4; lastKnownFileType = sourcecode.c.objc; name = RakButton.m; path = Utils/RakButton.m; sourceTree = "<group>"; };
		B6E89387189EF39700ACAF36 /* CTSelec.h */ = {isa = PBXFileReference; fileEncoding = 4; lastKnownFileType = sourcecode.c.h; name = CTSelec.h; path = CTSelec/CTSelec.h; sourceTree = "<group>"; };
		B6E89388189EF39700ACAF36 /* CTSelec.m */ = {isa = PBXFileReference; fileEncoding = 4; lastKnownFileType = sourcecode.c.objc; name = CTSelec.m; path = CTSelec/CTSelec.m; sourceTree = "<group>"; };
		B6E8938A189EF3A600ACAF36 /* Images.xcassets */ = {isa = PBXFileReference; lastKnownFileType = folder.assetcatalog; path = Images.xcassets; sourceTree = "<group>"; };
		B6E8938B189EF3A600ACAF36 /* main.m */ = {isa = PBXFileReference; fileEncoding = 4; lastKnownFileType = sourcecode.c.objc; name = main.m; path = Ressources/main.m; sourceTree = "<group>"; };
		B6EA51FC18A4065A00A9B16E /* libcrypto.a */ = {isa = PBXFileReference; lastKnownFileType = archive.ar; name = libcrypto.a; path = Ressources/libcrypto.a; sourceTree = "<group>"; };
		B6EA51FD18A4065A00A9B16E /* libcurl.a */ = {isa = PBXFileReference; lastKnownFileType = archive.ar; name = libcurl.a; path = Ressources/libcurl.a; sourceTree = "<group>"; };
		B6EA51FE18A4065A00A9B16E /* libssl.a */ = {isa = PBXFileReference; lastKnownFileType = archive.ar; name = libssl.a; path = Ressources/libssl.a; sourceTree = "<group>"; };
		B6EA520218A407EF00A9B16E /* libz.a */ = {isa = PBXFileReference; lastKnownFileType = archive.ar; name = libz.a; path = Ressources/libz.a; sourceTree = "<group>"; };
		B6EA520618A4111000A9B16E /* interface.m */ = {isa = PBXFileReference; fileEncoding = 4; lastKnownFileType = sourcecode.c.objc; name = interface.m; path = "Objective C/Interface C/interface.m"; sourceTree = "<group>"; };
		B6EA520818A4161100A9B16E /* interface.h */ = {isa = PBXFileReference; fileEncoding = 4; lastKnownFileType = sourcecode.c.h; name = interface.h; path = "Objective C/Interface C/interface.h"; sourceTree = "<group>"; };
		B6EDE77418B02BCC00DB3AFC /* en */ = {isa = PBXFileReference; lastKnownFileType = text.rtf; name = en; path = en.lproj/Credits.rtf; sourceTree = SOURCE_ROOT; };
		B6EE0263188B4F57001F8363 /* RakPrefsTabDeepData.h */ = {isa = PBXFileReference; fileEncoding = 4; lastKnownFileType = sourcecode.c.h; name = RakPrefsTabDeepData.h; path = Prefs/tools/RakPrefsTabDeepData.h; sourceTree = "<group>"; };
		B6EE0264188B4F57001F8363 /* RakPrefsTabDeepData.m */ = {isa = PBXFileReference; fileEncoding = 4; lastKnownFileType = sourcecode.c.objc; name = RakPrefsTabDeepData.m; path = Prefs/tools/RakPrefsTabDeepData.m; sourceTree = "<group>"; };
		B6EE0267188B4FEA001F8363 /* RakPrefsMDLDeepData.m */ = {isa = PBXFileReference; fileEncoding = 4; lastKnownFileType = sourcecode.c.objc; name = RakPrefsMDLDeepData.m; path = Prefs/tools/RakPrefsMDLDeepData.m; sourceTree = "<group>"; };
		B6F6ECA318A3001400E3B55B /* affichage.c */ = {isa = PBXFileReference; fileEncoding = 4; lastKnownFileType = sourcecode.c.c; name = affichage.c; path = C/affichage.c; sourceTree = "<group>"; };
		B6F6ECA418A3001400E3B55B /* chapitre.c */ = {isa = PBXFileReference; fileEncoding = 4; lastKnownFileType = sourcecode.c.c; name = chapitre.c; path = C/chapitre.c; sourceTree = "<group>"; };
		B6F6ECA518A3001400E3B55B /* check.c */ = {isa = PBXFileReference; fileEncoding = 4; lastKnownFileType = sourcecode.c.c; lineEnding = 0; name = check.c; path = C/check.c; sourceTree = "<group>"; xcLanguageSpecificationIdentifier = xcode.lang.c; };
		B6F6ECA718A3001400E3B55B /* crypto.h */ = {isa = PBXFileReference; fileEncoding = 4; lastKnownFileType = sourcecode.c.h; path = crypto.h; sourceTree = "<group>"; };
		B6F6ECA818A3001400E3B55B /* pbkdf2.c */ = {isa = PBXFileReference; fileEncoding = 4; lastKnownFileType = sourcecode.c.c; path = pbkdf2.c; sourceTree = "<group>"; };
		B6F6ECA918A3001400E3B55B /* Rijndael.c */ = {isa = PBXFileReference; fileEncoding = 4; lastKnownFileType = sourcecode.c.c; path = Rijndael.c; sourceTree = "<group>"; };
		B6F6ECAA18A3001400E3B55B /* Rijndael.h */ = {isa = PBXFileReference; fileEncoding = 4; lastKnownFileType = sourcecode.c.h; path = Rijndael.h; sourceTree = "<group>"; };
		B6F6ECAB18A3001400E3B55B /* Serpent.c */ = {isa = PBXFileReference; fileEncoding = 4; lastKnownFileType = sourcecode.c.c; path = Serpent.c; sourceTree = "<group>"; };
		B6F6ECAC18A3001400E3B55B /* sha256.c */ = {isa = PBXFileReference; fileEncoding = 4; lastKnownFileType = sourcecode.c.c; path = sha256.c; sourceTree = "<group>"; };
		B6F6ECAD18A3001400E3B55B /* std_defs.h */ = {isa = PBXFileReference; fileEncoding = 4; lastKnownFileType = sourcecode.c.h; path = std_defs.h; sourceTree = "<group>"; };
		B6F6ECAE18A3001400E3B55B /* Twofish.c */ = {isa = PBXFileReference; fileEncoding = 4; lastKnownFileType = sourcecode.c.c; path = Twofish.c; sourceTree = "<group>"; };
		B6F6ECAF18A3001400E3B55B /* CTCommon.c */ = {isa = PBXFileReference; fileEncoding = 4; lastKnownFileType = sourcecode.c.c; name = CTCommon.c; path = C/CTCommon.c; sourceTree = "<group>"; };
		B6F6ECB018A3001400E3B55B /* DBRefresh.c */ = {isa = PBXFileReference; fileEncoding = 4; lastKnownFileType = sourcecode.c.c; name = DBRefresh.c; path = C/DBRefresh.c; sourceTree = "<group>"; };
		B6F6ECB118A3001400E3B55B /* defines.h */ = {isa = PBXFileReference; fileEncoding = 4; lastKnownFileType = sourcecode.c.h; name = defines.h; path = C/defines.h; sourceTree = "<group>"; };
		B6F6ECB218A3001400E3B55B /* download.c */ = {isa = PBXFileReference; fileEncoding = 4; lastKnownFileType = sourcecode.c.c; name = download.c; path = C/download.c; sourceTree = "<group>"; };
		B6F6ECB318A3001400E3B55B /* engine.c */ = {isa = PBXFileReference; fileEncoding = 4; lastKnownFileType = sourcecode.c.c; name = engine.c; path = C/engine.c; sourceTree = "<group>"; };
		B6F6ECB418A3001400E3B55B /* error.c */ = {isa = PBXFileReference; fileEncoding = 4; lastKnownFileType = sourcecode.c.c; name = error.c; path = C/error.c; sourceTree = "<group>"; };
		B6F6ECB518A3001400E3B55B /* externs.h */ = {isa = PBXFileReference; fileEncoding = 4; lastKnownFileType = sourcecode.c.h; name = externs.h; path = C/externs.h; sourceTree = "<group>"; };
		B6F6ECB618A3001400E3B55B /* favoris.c */ = {isa = PBXFileReference; fileEncoding = 4; lastKnownFileType = sourcecode.c.c; name = favoris.c; path = C/favoris.c; sourceTree = "<group>"; };
		B6F6ECB718A3001400E3B55B /* fonctions.h */ = {isa = PBXFileReference; fileEncoding = 4; lastKnownFileType = sourcecode.c.h; name = fonctions.h; path = C/fonctions.h; sourceTree = "<group>"; };
		B6F6ECB818A3001400E3B55B /* graphics.c */ = {isa = PBXFileReference; fileEncoding = 4; lastKnownFileType = sourcecode.c.c; name = graphics.c; path = C/graphics.c; sourceTree = "<group>"; };
		B6F6ECB918A3001400E3B55B /* graphics.h */ = {isa = PBXFileReference; fileEncoding = 4; lastKnownFileType = sourcecode.c.h; name = graphics.h; path = C/graphics.h; sourceTree = "<group>"; };
		B6F6ECBA18A3001400E3B55B /* interface.c */ = {isa = PBXFileReference; fileEncoding = 4; lastKnownFileType = sourcecode.c.c; name = interface.c; path = C/interface.c; sourceTree = "<group>"; };
		B6F6ECBC18A3001400E3B55B /* keys.c */ = {isa = PBXFileReference; fileEncoding = 4; lastKnownFileType = sourcecode.c.c; name = keys.c; path = C/keys.c; sourceTree = "<group>"; };
		B6F6ECBD18A3001400E3B55B /* lecteur_check_newElems.c */ = {isa = PBXFileReference; fileEncoding = 4; lastKnownFileType = sourcecode.c.c; name = lecteur_check_newElems.c; path = C/lecteur_check_newElems.c; sourceTree = "<group>"; };
		B6F6ECBE18A3001400E3B55B /* lecteur_event.c */ = {isa = PBXFileReference; fileEncoding = 4; lastKnownFileType = sourcecode.c.c; name = lecteur_event.c; path = C/lecteur_event.c; sourceTree = "<group>"; };
		B6F6ECBF18A3001400E3B55B /* lecteur_loading.c */ = {isa = PBXFileReference; fileEncoding = 4; lastKnownFileType = sourcecode.c.c; name = lecteur_loading.c; path = C/lecteur_loading.c; sourceTree = "<group>"; };
		B6F6ECC018A3001400E3B55B /* lecteur_tool.c */ = {isa = PBXFileReference; fileEncoding = 4; lastKnownFileType = sourcecode.c.c; name = lecteur_tool.c; path = C/lecteur_tool.c; sourceTree = "<group>"; };
		B6F6ECC118A3001400E3B55B /* lecteur_ui.c */ = {isa = PBXFileReference; fileEncoding = 4; lastKnownFileType = sourcecode.c.c; name = lecteur_ui.c; path = C/lecteur_ui.c; sourceTree = "<group>"; };
		B6F6ECC218A3001400E3B55B /* lecteur.c */ = {isa = PBXFileReference; fileEncoding = 4; lastKnownFileType = sourcecode.c.c; name = lecteur.c; path = C/lecteur.c; sourceTree = "<group>"; };
		B6F6ECC318A3001400E3B55B /* lecteur.h */ = {isa = PBXFileReference; fileEncoding = 4; lastKnownFileType = sourcecode.c.h; name = lecteur.h; path = C/lecteur.h; sourceTree = "<group>"; };
		B6F6ECC418A3001400E3B55B /* main.h */ = {isa = PBXFileReference; fileEncoding = 4; lastKnownFileType = sourcecode.c.h; name = main.h; path = C/main.h; sourceTree = "<group>"; };
		B6F6ECC518A3001400E3B55B /* mainfunctions.c */ = {isa = PBXFileReference; fileEncoding = 4; lastKnownFileType = sourcecode.c.c; name = mainfunctions.c; path = C/mainfunctions.c; sourceTree = "<group>"; };
		B6F6ECC618A3001400E3B55B /* MDLCache.h */ = {isa = PBXFileReference; fileEncoding = 4; lastKnownFileType = sourcecode.c.h; name = MDLCache.h; path = C/MDLCache.h; sourceTree = "<group>"; };
		B6F6ECC818A3001400E3B55B /* moduleDL_selec.c */ = {isa = PBXFileReference; fileEncoding = 4; lastKnownFileType = sourcecode.c.c; name = moduleDL_selec.c; path = C/moduleDL_selec.c; sourceTree = "<group>"; };
		B6F6ECC918A3001400E3B55B /* moduleDL.h */ = {isa = PBXFileReference; fileEncoding = 4; lastKnownFileType = sourcecode.c.h; name = moduleDL.h; path = C/moduleDL.h; sourceTree = "<group>"; };
		B6F6ECCA18A3001400E3B55B /* moduleDL2_events.c */ = {isa = PBXFileReference; fileEncoding = 4; lastKnownFileType = sourcecode.c.c; name = moduleDL2_events.c; path = C/moduleDL2_events.c; sourceTree = "<group>"; };
		B6F6ECCB18A3001400E3B55B /* moduleDL2_paid.c */ = {isa = PBXFileReference; fileEncoding = 4; lastKnownFileType = sourcecode.c.c; name = moduleDL2_paid.c; path = C/moduleDL2_paid.c; sourceTree = "<group>"; };
		B6F6ECCC18A3001400E3B55B /* moduleDL2_tool.c */ = {isa = PBXFileReference; fileEncoding = 4; lastKnownFileType = sourcecode.c.c; name = moduleDL2_tool.c; path = C/moduleDL2_tool.c; sourceTree = "<group>"; };
		B6F6ECCD18A3001400E3B55B /* moduleDL2_UI.c */ = {isa = PBXFileReference; fileEncoding = 4; lastKnownFileType = sourcecode.c.c; name = moduleDL2_UI.c; path = C/moduleDL2_UI.c; sourceTree = "<group>"; };
		B6F6ECCE18A3001400E3B55B /* moduleDL2.c */ = {isa = PBXFileReference; fileEncoding = 4; lastKnownFileType = sourcecode.c.c; name = moduleDL2.c; path = C/moduleDL2.c; sourceTree = "<group>"; };
		B6F6ECCF18A3001400E3B55B /* native.c */ = {isa = PBXFileReference; fileEncoding = 4; lastKnownFileType = sourcecode.c.c; name = native.c; path = C/native.c; sourceTree = "<group>"; };
		B6F6ECD018A3001400E3B55B /* prototypes.h */ = {isa = PBXFileReference; fileEncoding = 4; lastKnownFileType = sourcecode.c.h; name = prototypes.h; path = C/prototypes.h; sourceTree = "<group>"; };
		B6F6ECD118A3001400E3B55B /* rakshata.c */ = {isa = PBXFileReference; fileEncoding = 4; lastKnownFileType = sourcecode.c.c; name = rakshata.c; path = C/rakshata.c; sourceTree = "<group>"; };
		B6F6ECD218A3001400E3B55B /* repo.c */ = {isa = PBXFileReference; fileEncoding = 4; lastKnownFileType = sourcecode.c.c; name = repo.c; path = C/repo.c; sourceTree = "<group>"; };
		B6F6ECD318A3001400E3B55B /* securite.c */ = {isa = PBXFileReference; fileEncoding = 4; lastKnownFileType = sourcecode.c.c; name = securite.c; path = C/securite.c; sourceTree = "<group>"; };
		B6F6ECD418A3001400E3B55B /* selection.c */ = {isa = PBXFileReference; fileEncoding = 4; lastKnownFileType = sourcecode.c.c; name = selection.c; path = C/selection.c; sourceTree = "<group>"; };
		B6F6ECD518A3001400E3B55B /* settings.c */ = {isa = PBXFileReference; fileEncoding = 4; lastKnownFileType = sourcecode.c.c; name = settings.c; path = C/settings.c; sourceTree = "<group>"; };
		B6F6ECD618A3001400E3B55B /* structures.h */ = {isa = PBXFileReference; fileEncoding = 4; lastKnownFileType = sourcecode.c.h; name = structures.h; path = C/structures.h; sourceTree = "<group>"; };
		B6F6ECD718A3001400E3B55B /* thread.c */ = {isa = PBXFileReference; fileEncoding = 4; lastKnownFileType = sourcecode.c.c; name = thread.c; path = C/thread.c; sourceTree = "<group>"; };
		B6F6ECD818A3001400E3B55B /* tome.c */ = {isa = PBXFileReference; fileEncoding = 4; lastKnownFileType = sourcecode.c.c; name = tome.c; path = C/tome.c; sourceTree = "<group>"; };
		B6F6ECD918A3001400E3B55B /* translation.c */ = {isa = PBXFileReference; fileEncoding = 4; lastKnownFileType = sourcecode.c.c; name = translation.c; path = C/translation.c; sourceTree = "<group>"; };
		B6F6ECDB18A3001400E3B55B /* ioapi.c */ = {isa = PBXFileReference; fileEncoding = 4; lastKnownFileType = sourcecode.c.c; path = ioapi.c; sourceTree = "<group>"; };
		B6F6ECDC18A3001400E3B55B /* ioapi.h */ = {isa = PBXFileReference; fileEncoding = 4; lastKnownFileType = sourcecode.c.h; path = ioapi.h; sourceTree = "<group>"; };
		B6F6ECDF18A3001400E3B55B /* miniunz.c */ = {isa = PBXFileReference; fileEncoding = 4; lastKnownFileType = sourcecode.c.c; path = miniunz.c; sourceTree = "<group>"; };
		B6F6ECE018A3001400E3B55B /* miniunzip.h */ = {isa = PBXFileReference; fileEncoding = 4; lastKnownFileType = sourcecode.c.h; path = miniunzip.h; sourceTree = "<group>"; };
		B6F6ECE218A3001400E3B55B /* unzip.h */ = {isa = PBXFileReference; fileEncoding = 4; lastKnownFileType = sourcecode.c.h; path = unzip.h; sourceTree = "<group>"; };
		B6F6ECE318A3001400E3B55B /* unzip_mz.c */ = {isa = PBXFileReference; fileEncoding = 4; lastKnownFileType = sourcecode.c.c; path = unzip_mz.c; sourceTree = "<group>"; };
		B6F6ECE518A3001400E3B55B /* zconf.h */ = {isa = PBXFileReference; fileEncoding = 4; lastKnownFileType = sourcecode.c.h; path = zconf.h; sourceTree = "<group>"; };
		B6F6ECE618A3001400E3B55B /* zlib.h */ = {isa = PBXFileReference; fileEncoding = 4; lastKnownFileType = sourcecode.c.h; path = zlib.h; sourceTree = "<group>"; };
		B6F6ECE718A3001400E3B55B /* unzip.c */ = {isa = PBXFileReference; fileEncoding = 4; lastKnownFileType = sourcecode.c.c; name = unzip.c; path = C/unzip.c; sourceTree = "<group>"; };
		B6F6ECE818A3001400E3B55B /* update.c */ = {isa = PBXFileReference; fileEncoding = 4; lastKnownFileType = sourcecode.c.c; name = update.c; path = C/update.c; sourceTree = "<group>"; };
		B6F6ECE918A3001400E3B55B /* utilitaires.c */ = {isa = PBXFileReference; fileEncoding = 4; lastKnownFileType = sourcecode.c.c; name = utilitaires.c; path = C/utilitaires.c; sourceTree = "<group>"; };
		B6F6ED1B18A3003500E3B55B /* unz_memory.c */ = {isa = PBXFileReference; lastKnownFileType = sourcecode.c.c; path = unz_memory.c; sourceTree = "<group>"; };
		B6FD24EE18B11F8E0025FE74 /* Rakshata.entitlements */ = {isa = PBXFileReference; lastKnownFileType = text.xml; path = Rakshata.entitlements; sourceTree = "<group>"; };
		B6FD250518B123840025FE74 /* libsqlite.a */ = {isa = PBXFileReference; lastKnownFileType = archive.ar; name = libsqlite.a; path = Ressources/libsqlite.a; sourceTree = "<group>"; };
		B6FD250718B1245C0025FE74 /* sqlite3.h */ = {isa = PBXFileReference; lastKnownFileType = sourcecode.c.h; name = sqlite3.h; path = Ressources/sqlite3.h; sourceTree = "<group>"; };
		B6FD250818B1537E0025FE74 /* whirlpool.c */ = {isa = PBXFileReference; fileEncoding = 4; lastKnownFileType = sourcecode.c.c; path = whirlpool.c; sourceTree = "<group>"; };
		B6FE79E018B903B4004BE38D /* DBcache.c */ = {isa = PBXFileReference; fileEncoding = 4; lastKnownFileType = sourcecode.c.c; name = DBcache.c; path = C/DBcache.c; sourceTree = "<group>"; };
/* End PBXFileReference section */

/* Begin PBXFrameworksBuildPhase section */
		B6CF07B81868DD58009B16A3 /* Frameworks */ = {
			isa = PBXFrameworksBuildPhase;
			buildActionMask = 2147483647;
			files = (
				B6FD250618B123840025FE74 /* libsqlite.a in Frameworks */,
				B6EA520318A407EF00A9B16E /* libz.a in Frameworks */,
				B6EA520118A4065A00A9B16E /* libssl.a in Frameworks */,
				B63078301899CF9400589988 /* QuartzCore.framework in Frameworks */,
				B6EA520018A4065A00A9B16E /* libcurl.a in Frameworks */,
				B6CF07BF1868DD58009B16A3 /* Cocoa.framework in Frameworks */,
				B6EA51FF18A4065A00A9B16E /* libcrypto.a in Frameworks */,
			);
			runOnlyForDeploymentPostprocessing = 0;
		};
/* End PBXFrameworksBuildPhase section */

/* Begin PBXGroup section */
		B6218242187351A3008AC5DD /* Prefs */ = {
			isa = PBXGroup;
			children = (
				B6B3830F188740E7005B5F01 /* Deep Prefs */,
				B67449431876114E00F96DB4 /* Includes */,
				B62182451873527A008AC5DD /* Prefs.h */,
				B62182461873527A008AC5DD /* Prefs.m */,
				B621824818735395008AC5DD /* prefsTools.h */,
			);
			name = Prefs;
			sourceTree = "<group>";
		};
		B66B4627189A7129000354D1 /* C Core */ = {
			isa = PBXGroup;
			children = (
				B6F6ED2018A31EF600E3B55B /* Headers */,
				B6F6ED1F18A3007F00E3B55B /* Core */,
				B6F6ED1E18A3007600E3B55B /* DB */,
				B6F6ED1D18A3006F00E3B55B /* MDL */,
				B6F6ED1C18A3006700E3B55B /* Interface with UI */,
				B6F6ECA318A3001400E3B55B /* affichage.c */,
				B6F6ECB318A3001400E3B55B /* engine.c */,
				B6F6ECBD18A3001400E3B55B /* lecteur_check_newElems.c */,
				B6F6ECBE18A3001400E3B55B /* lecteur_event.c */,
				B6F6ECBF18A3001400E3B55B /* lecteur_loading.c */,
				B6F6ECC018A3001400E3B55B /* lecteur_tool.c */,
				B6F6ECC118A3001400E3B55B /* lecteur_ui.c */,
				B6F6ECC218A3001400E3B55B /* lecteur.c */,
				B6F6ECD418A3001400E3B55B /* selection.c */,
			);
			name = "C Core";
			sourceTree = "<group>";
		};
		B66CDD31189C545F007B9389 /* RakTabView */ = {
			isa = PBXGroup;
			children = (
				B66CDD34189C8866007B9389 /* RakTabAnimationResize.m */,
				B621824018732CB0008AC5DD /* RakTabView.m */,
			);
			name = RakTabView;
			sourceTree = "<group>";
		};
		B67449431876114E00F96DB4 /* Includes */ = {
			isa = PBXGroup;
			children = (
				B6744946187611BF00F96DB4 /* prefsMagic.h */,
				B67449441876116200F96DB4 /* prefsRequest.h */,
				B67449451876118100F96DB4 /* prefsSetters.h */,
			);
			name = Includes;
			sourceTree = "<group>";
		};
		B6B3830F188740E7005B5F01 /* Deep Prefs */ = {
			isa = PBXGroup;
			children = (
				B6EE0263188B4F57001F8363 /* RakPrefsTabDeepData.h */,
				B6EE0264188B4F57001F8363 /* RakPrefsTabDeepData.m */,
				B668FBEC188344AE00549A3C /* RakPrefsDeepData.h */,
				B668FBED188344AE00549A3C /* RakPrefsDeepData.m */,
				B6EE0267188B4FEA001F8363 /* RakPrefsMDLDeepData.m */,
				B6B3830D188740D7005B5F01 /* RakPrefsTabSize.m */,
			);
			name = "Deep Prefs";
			sourceTree = "<group>";
		};
		B6CC724318723044003A745B /* CT */ = {
			isa = PBXGroup;
			children = (
				B6E89387189EF39700ACAF36 /* CTSelec.h */,
				B6E89388189EF39700ACAF36 /* CTSelec.m */,
			);
			name = CT;
			sourceTree = "<group>";
		};
		B6CC724418723053003A745B /* Footer */ = {
			isa = PBXGroup;
			children = (
				B674493A1875E65000F96DB4 /* Footer.h */,
				B674493B1875E65000F96DB4 /* Footer.m */,
				B674493D1875E65000F96DB4 /* FooterSDrag.m */,
				B674493F1875E65000F96DB4 /* FooterSStatic.m */,
			);
			name = Footer;
			sourceTree = "<group>";
		};
		B6CC724518723063003A745B /* PrefsUI */ = {
			isa = PBXGroup;
			children = (
				B64640D61870DBD2005705E7 /* PrefsUI.h */,
				B64640D71870DBD2005705E7 /* PrefsUI.m */,
			);
			name = PrefsUI;
			sourceTree = "<group>";
		};
		B6CC724618723071003A745B /* MDL */ = {
			isa = PBXGroup;
			children = (
				B69D61DC186CA3D0003504F9 /* MDL.h */,
				B69D61DD186CA3D0003504F9 /* MDL.m */,
			);
			name = MDL;
			sourceTree = "<group>";
		};
		B6CC724718723077003A745B /* Reader */ = {
			isa = PBXGroup;
			children = (
				B69D61D3186CA2F2003504F9 /* Reader.h */,
				B69D61D4186CA2F2003504F9 /* Reader.m */,
			);
			name = Reader;
			sourceTree = "<group>";
		};
		B6CC72481872307D003A745B /* Series */ = {
			isa = PBXGroup;
			children = (
				B6CC724418723053003A745B /* Footer */,
				B6CC724518723063003A745B /* PrefsUI */,
				B69D61D6186CA308003504F9 /* Series.h */,
				B69D61D7186CA308003504F9 /* Series.m */,
			);
			name = Series;
			sourceTree = "<group>";
		};
		B6CC724918723084003A745B /* Utils */ = {
			isa = PBXGroup;
			children = (
				B6CC724D18723121003A745B /* utils.h */,
				B6E5146418771492006470ED /* RakButton.m */,
			);
			name = Utils;
			sourceTree = "<group>";
		};
		B6CF07B21868DD58009B16A3 = {
			isa = PBXGroup;
			children = (
				B6FD24EE18B11F8E0025FE74 /* Rakshata.entitlements */,
				B6CF07CC1868DD58009B16A3 /* Rakshata-Prefix.pch */,
				B6002C30189EF15E00466654 /* MainMenu.xib */,
				B6E8938B189EF3A600ACAF36 /* main.m */,
				B66B4627189A7129000354D1 /* C Core */,
				B6CF07C41868DD58009B16A3 /* Objective-C */,
				B6CF07C51868DD58009B16A3 /* Supporting Files */,
				B6CF07BD1868DD58009B16A3 /* Frameworks */,
				B6CF07BC1868DD58009B16A3 /* Products */,
			);
			sourceTree = "<group>";
		};
		B6CF07BC1868DD58009B16A3 /* Products */ = {
			isa = PBXGroup;
			children = (
				B6CF07BB1868DD58009B16A3 /* Rakshata.app */,
				B6CF07DC1868DD58009B16A3 /* RakshataTests.xctest */,
			);
			name = Products;
			sourceTree = "<group>";
		};
		B6CF07BD1868DD58009B16A3 /* Frameworks */ = {
			isa = PBXGroup;
			children = (
				B6FD250518B123840025FE74 /* libsqlite.a */,
				B6EA51FC18A4065A00A9B16E /* libcrypto.a */,
				B6EA51FD18A4065A00A9B16E /* libcurl.a */,
				B6EA51FE18A4065A00A9B16E /* libssl.a */,
				B6EA520218A407EF00A9B16E /* libz.a */,
				B630782F1899CF9400589988 /* QuartzCore.framework */,
				B6CF07BE1868DD58009B16A3 /* Cocoa.framework */,
				B6CF07C01868DD58009B16A3 /* Other Frameworks */,
			);
			name = Frameworks;
			sourceTree = "<group>";
		};
		B6CF07C01868DD58009B16A3 /* Other Frameworks */ = {
			isa = PBXGroup;
			children = (
				B6CF07C11868DD58009B16A3 /* AppKit.framework */,
				B6CF07C21868DD58009B16A3 /* CoreData.framework */,
				B6CF07C31868DD58009B16A3 /* Foundation.framework */,
			);
			name = "Other Frameworks";
			sourceTree = "<group>";
		};
		B6CF07C41868DD58009B16A3 /* Objective-C */ = {
			isa = PBXGroup;
			children = (
				B6CC724318723044003A745B /* CT */,
				B6CC724618723071003A745B /* MDL */,
				B6CF07D01868DD58009B16A3 /* RakAppDelegate.h */,
				B6CF07D11868DD58009B16A3 /* RakAppDelegate.m */,
				B6CC724718723077003A745B /* Reader */,
				B6CC72481872307D003A745B /* Series */,
				B6218242187351A3008AC5DD /* Prefs */,
				B66CDD31189C545F007B9389 /* RakTabView */,
				B6CC724918723084003A745B /* Utils */,
			);
			name = "Objective-C";
			path = "Objective C";
			sourceTree = "<group>";
		};
		B6CF07C51868DD58009B16A3 /* Supporting Files */ = {
			isa = PBXGroup;
			children = (
				B6EDE77318B02BCC00DB3AFC /* Credits.rtf */,
				B6E8938A189EF3A600ACAF36 /* Images.xcassets */,
			);
			name = "Supporting Files";
			path = Ressources;
			sourceTree = "<group>";
		};
		B6F6ECA618A3001400E3B55B /* crypto */ = {
			isa = PBXGroup;
			children = (
				B6F6ECA718A3001400E3B55B /* crypto.h */,
				B6F6ECA818A3001400E3B55B /* pbkdf2.c */,
				B6F6ECA918A3001400E3B55B /* Rijndael.c */,
				B6F6ECAA18A3001400E3B55B /* Rijndael.h */,
				B6F6ECAB18A3001400E3B55B /* Serpent.c */,
				B6F6ECAC18A3001400E3B55B /* sha256.c */,
				B6F6ECAD18A3001400E3B55B /* std_defs.h */,
				B6F6ECAE18A3001400E3B55B /* Twofish.c */,
				B6FD250818B1537E0025FE74 /* whirlpool.c */,
			);
			name = crypto;
			path = C/crypto;
			sourceTree = "<group>";
		};
		B6F6ECDA18A3001400E3B55B /* unzip */ = {
			isa = PBXGroup;
			children = (
				B6F6ECDB18A3001400E3B55B /* ioapi.c */,
				B6F6ECDC18A3001400E3B55B /* ioapi.h */,
				B6F6ECDF18A3001400E3B55B /* miniunz.c */,
				B6F6ECE018A3001400E3B55B /* miniunzip.h */,
				B6F6ED1B18A3003500E3B55B /* unz_memory.c */,
				B6F6ECE218A3001400E3B55B /* unzip.h */,
				B6F6ECE318A3001400E3B55B /* unzip_mz.c */,
				B6F6ECE418A3001400E3B55B /* zlib */,
			);
			name = unzip;
			path = C/unzip;
			sourceTree = "<group>";
		};
		B6F6ECE418A3001400E3B55B /* zlib */ = {
			isa = PBXGroup;
			children = (
				B6F6ECE518A3001400E3B55B /* zconf.h */,
				B6F6ECE618A3001400E3B55B /* zlib.h */,
			);
			path = zlib;
			sourceTree = "<group>";
		};
		B6F6ED1C18A3006700E3B55B /* Interface with UI */ = {
			isa = PBXGroup;
			children = (
				B6F6ECB818A3001400E3B55B /* graphics.c */,
				B646EA7918A6EEFF00F96F8A /* errors.m */,
				B6EA520818A4161100A9B16E /* interface.h */,
				B6EA520618A4111000A9B16E /* interface.m */,
			);
			name = "Interface with UI";
			sourceTree = "<group>";
		};
		B6F6ED1D18A3006F00E3B55B /* MDL */ = {
			isa = PBXGroup;
			children = (
				B6F6ECC618A3001400E3B55B /* MDLCache.h */,
				B6F6ECC818A3001400E3B55B /* moduleDL_selec.c */,
				B6F6ECC918A3001400E3B55B /* moduleDL.h */,
				B6F6ECCA18A3001400E3B55B /* moduleDL2_events.c */,
				B6F6ECCB18A3001400E3B55B /* moduleDL2_paid.c */,
				B6F6ECCC18A3001400E3B55B /* moduleDL2_tool.c */,
				B6F6ECCD18A3001400E3B55B /* moduleDL2_UI.c */,
				B6F6ECCE18A3001400E3B55B /* moduleDL2.c */,
			);
			name = MDL;
			sourceTree = "<group>";
		};
		B6F6ED1E18A3007600E3B55B /* DB */ = {
			isa = PBXGroup;
			children = (
				B6F6ECB018A3001400E3B55B /* DBRefresh.c */,
				B6FE79E018B903B4004BE38D /* DBcache.c */,
				B6F6ECAF18A3001400E3B55B /* CTCommon.c */,
				B6F6ECA418A3001400E3B55B /* chapitre.c */,
				B6F6ECD218A3001400E3B55B /* repo.c */,
				B6F6ECD818A3001400E3B55B /* tome.c */,
			);
			name = DB;
			sourceTree = "<group>";
		};
		B6F6ED1F18A3007F00E3B55B /* Core */ = {
			isa = PBXGroup;
			children = (
				B6F6ECA618A3001400E3B55B /* crypto */,
				B6F6ECA518A3001400E3B55B /* check.c */,
				B6F6ECB218A3001400E3B55B /* download.c */,
				B6F6ECB418A3001400E3B55B /* error.c */,
				B6F6ECB618A3001400E3B55B /* favoris.c */,
				B6F6ECBA18A3001400E3B55B /* interface.c */,
				B6F6ECBC18A3001400E3B55B /* keys.c */,
				B6F6ECC518A3001400E3B55B /* mainfunctions.c */,
				B6F6ECCF18A3001400E3B55B /* native.c */,
				B6F6ECD118A3001400E3B55B /* rakshata.c */,
				B60BCE3318AD029900FBEB05 /* snapshot.c */,
				B6F6ECD318A3001400E3B55B /* securite.c */,
				B6F6ECD518A3001400E3B55B /* settings.c */,
				B6F6ECD718A3001400E3B55B /* thread.c */,
				B6F6ECD918A3001400E3B55B /* translation.c */,
				B6F6ECE718A3001400E3B55B /* unzip.c */,
				B6F6ECE818A3001400E3B55B /* update.c */,
				B6F6ECE918A3001400E3B55B /* utilitaires.c */,
				B6F6ECDA18A3001400E3B55B /* unzip */,
			);
			name = Core;
			sourceTree = "<group>";
		};
		B6F6ED2018A31EF600E3B55B /* Headers */ = {
			isa = PBXGroup;
			children = (
				B6F6ECB118A3001400E3B55B /* defines.h */,
				B6F6ECB518A3001400E3B55B /* externs.h */,
				B6F6ECB718A3001400E3B55B /* fonctions.h */,
				B6F6ECB918A3001400E3B55B /* graphics.h */,
				B6F6ECC318A3001400E3B55B /* lecteur.h */,
				B6F6ECC418A3001400E3B55B /* main.h */,
				B6F6ECD018A3001400E3B55B /* prototypes.h */,
				B6F6ECD618A3001400E3B55B /* structures.h */,
				B6FD250718B1245C0025FE74 /* sqlite3.h */,
			);
			name = Headers;
			sourceTree = "<group>";
		};
/* End PBXGroup section */

/* Begin PBXNativeTarget section */
		B6CF07BA1868DD58009B16A3 /* Rakshata */ = {
			isa = PBXNativeTarget;
			buildConfigurationList = B6CF07EC1868DD58009B16A3 /* Build configuration list for PBXNativeTarget "Rakshata" */;
			buildPhases = (
				B6CF07B71868DD58009B16A3 /* Sources */,
				B6CF07B81868DD58009B16A3 /* Frameworks */,
				B6CF07B91868DD58009B16A3 /* Resources */,
				B66B4629189A757E000354D1 /* ShellScript */,
			);
			buildRules = (
			);
			dependencies = (
			);
			name = Rakshata;
			productName = Rakshata;
			productReference = B6CF07BB1868DD58009B16A3 /* Rakshata.app */;
			productType = "com.apple.product-type.application";
		};
/* End PBXNativeTarget section */

/* Begin PBXProject section */
		B6CF07B31868DD58009B16A3 /* Project object */ = {
			isa = PBXProject;
			attributes = {
				CLASSPREFIX = Rak;
				LastUpgradeCheck = 0500;
				ORGANIZATIONNAME = Taiki;
				TargetAttributes = {
					B6CF07BA1868DD58009B16A3 = {
						SystemCapabilities = {
							com.apple.Sandbox = {
								enabled = 1;
							};
						};
					};
				};
			};
			buildConfigurationList = B6CF07B61868DD58009B16A3 /* Build configuration list for PBXProject "Rakshata" */;
			compatibilityVersion = "Xcode 3.2";
			developmentRegion = English;
			hasScannedForEncodings = 0;
			knownRegions = (
				en,
				Base,
			);
			mainGroup = B6CF07B21868DD58009B16A3;
			productRefGroup = B6CF07BC1868DD58009B16A3 /* Products */;
			projectDirPath = "";
			projectRoot = "";
			targets = (
				B6CF07BA1868DD58009B16A3 /* Rakshata */,
			);
		};
/* End PBXProject section */

/* Begin PBXResourcesBuildPhase section */
		B6CF07B91868DD58009B16A3 /* Resources */ = {
			isa = PBXResourcesBuildPhase;
			buildActionMask = 2147483647;
			files = (
				B6002C31189EF15E00466654 /* MainMenu.xib in Resources */,
				B6EDE77518B02BCC00DB3AFC /* Credits.rtf in Resources */,
				B6E8938C189EF3A600ACAF36 /* Images.xcassets in Resources */,
			);
			runOnlyForDeploymentPostprocessing = 0;
		};
/* End PBXResourcesBuildPhase section */

/* Begin PBXShellScriptBuildPhase section */
		B66B4629189A757E000354D1 /* ShellScript */ = {
			isa = PBXShellScriptBuildPhase;
			buildActionMask = 2147483647;
			files = (
			);
			inputPaths = (
			);
			outputPaths = (
			);
			runOnlyForDeploymentPostprocessing = 0;
			shellPath = /bin/sh;
			shellScript = "buildNumber=$(/usr/libexec/PlistBuddy -c \"Print CFBundleVersion\" \"${PROJECT_DIR}/${INFOPLIST_FILE}\")\nbuildNumber=$(($buildNumber + 1))\n/usr/libexec/PlistBuddy -c \"Set :CFBundleVersion $buildNumber\" \"${PROJECT_DIR}/${INFOPLIST_FILE}\"";
		};
/* End PBXShellScriptBuildPhase section */

/* Begin PBXSourcesBuildPhase section */
		B6CF07B71868DD58009B16A3 /* Sources */ = {
			isa = PBXSourcesBuildPhase;
			buildActionMask = 2147483647;
			files = (
				B668FBEE188344AE00549A3C /* RakPrefsDeepData.m in Sources */,
				B621824118732CB0008AC5DD /* RakTabView.m in Sources */,
				B6F6ED0918A3001400E3B55B /* moduleDL2.c in Sources */,
				B6F6ED0C18A3001400E3B55B /* repo.c in Sources */,
				B6F6ECFF18A3001400E3B55B /* lecteur_tool.c in Sources */,
				B6EA520718A4111000A9B16E /* interface.m in Sources */,
				B6F6ECF618A3001400E3B55B /* error.c in Sources */,
				B6F6ECFE18A3001400E3B55B /* lecteur_loading.c in Sources */,
				B6B3830E188740D7005B5F01 /* RakPrefsTabSize.m in Sources */,
				B6F6ED1118A3001400E3B55B /* tome.c in Sources */,
				B6F6ED0818A3001400E3B55B /* moduleDL2_UI.c in Sources */,
				B6F6ED1718A3001400E3B55B /* unzip_mz.c in Sources */,
				B6F6ECFB18A3001400E3B55B /* keys.c in Sources */,
				B6F6ED1818A3001400E3B55B /* unzip.c in Sources */,
				B6F6ED1A18A3001400E3B55B /* utilitaires.c in Sources */,
				B6F6ED1518A3001400E3B55B /* miniunz.c in Sources */,
				B6F6ED0118A3001400E3B55B /* lecteur.c in Sources */,
				B6CF07D21868DD58009B16A3 /* RakAppDelegate.m in Sources */,
				B6F6ECEE18A3001400E3B55B /* Rijndael.c in Sources */,
				B6F6ED1318A3001400E3B55B /* ioapi.c in Sources */,
				B6F6ECFC18A3001400E3B55B /* lecteur_check_newElems.c in Sources */,
				B6F6ECF718A3001400E3B55B /* favoris.c in Sources */,
				B69D61DE186CA3D0003504F9 /* MDL.m in Sources */,
				B6F6ECF818A3001400E3B55B /* graphics.c in Sources */,
				B67449411875E65000F96DB4 /* FooterSDrag.m in Sources */,
				B6F6ED0B18A3001400E3B55B /* rakshata.c in Sources */,
				B6F6ED0D18A3001400E3B55B /* securite.c in Sources */,
				B6E5146518771492006470ED /* RakButton.m in Sources */,
				B6F6ED0418A3001400E3B55B /* moduleDL_selec.c in Sources */,
				B6EE0268188B4FEA001F8363 /* RakPrefsMDLDeepData.m in Sources */,
				B646EA7A18A6EEFF00F96F8A /* errors.m in Sources */,
				B6F6ED0A18A3001400E3B55B /* native.c in Sources */,
				B6E8938D189EF3A600ACAF36 /* main.m in Sources */,
				B6F6ED0218A3001400E3B55B /* mainfunctions.c in Sources */,
				B62182471873527A008AC5DD /* Prefs.m in Sources */,
				B6F6ECF518A3001400E3B55B /* engine.c in Sources */,
				B6F6ED1218A3001400E3B55B /* translation.c in Sources */,
				B6F6ECF918A3001400E3B55B /* interface.c in Sources */,
				B6F6ECF218A3001400E3B55B /* CTCommon.c in Sources */,
				B6F6ECEB18A3001400E3B55B /* chapitre.c in Sources */,
				B6FE79E118B903B4004BE38D /* DBcache.c in Sources */,
				B6F6ED0018A3001400E3B55B /* lecteur_ui.c in Sources */,
				B69D61D8186CA308003504F9 /* Series.m in Sources */,
				B6F6ECEC18A3001400E3B55B /* check.c in Sources */,
				B6F6ECFD18A3001400E3B55B /* lecteur_event.c in Sources */,
				B6F6ED0F18A3001400E3B55B /* settings.c in Sources */,
				B66CDD35189C8866007B9389 /* RakTabAnimationResize.m in Sources */,
				B64640D81870DBD2005705E7 /* PrefsUI.m in Sources */,
				B6F6ED0718A3001400E3B55B /* moduleDL2_tool.c in Sources */,
				B6F6ECF018A3001400E3B55B /* sha256.c in Sources */,
				B6F6ECED18A3001400E3B55B /* pbkdf2.c in Sources */,
				B6F6ECF418A3001400E3B55B /* download.c in Sources */,
				B6FD250918B1537E0025FE74 /* whirlpool.c in Sources */,
				B6F6ED0518A3001400E3B55B /* moduleDL2_events.c in Sources */,
				B6F6ECEF18A3001400E3B55B /* Serpent.c in Sources */,
				B6F6ED0618A3001400E3B55B /* moduleDL2_paid.c in Sources */,
				B6F6ED1018A3001400E3B55B /* thread.c in Sources */,
				B67449401875E65000F96DB4 /* Footer.m in Sources */,
				B67449421875E65000F96DB4 /* FooterSStatic.m in Sources */,
				B6F6ECF318A3001400E3B55B /* DBRefresh.c in Sources */,
				B6F6ED1918A3001400E3B55B /* update.c in Sources */,
				B6F6ED0E18A3001400E3B55B /* selection.c in Sources */,
				B6E89389189EF39700ACAF36 /* CTSelec.m in Sources */,
				B6EE0265188B4F57001F8363 /* RakPrefsTabDeepData.m in Sources */,
				B6F6ECF118A3001400E3B55B /* Twofish.c in Sources */,
				B6F6ECEA18A3001400E3B55B /* affichage.c in Sources */,
				B69D61D5186CA2F2003504F9 /* Reader.m in Sources */,
				B60BCE3418AD029900FBEB05 /* snapshot.c in Sources */,
			);
			runOnlyForDeploymentPostprocessing = 0;
		};
/* End PBXSourcesBuildPhase section */

/* Begin PBXVariantGroup section */
		B6EDE77318B02BCC00DB3AFC /* Credits.rtf */ = {
			isa = PBXVariantGroup;
			children = (
				B6EDE77418B02BCC00DB3AFC /* en */,
			);
			name = Credits.rtf;
			sourceTree = "<group>";
		};
/* End PBXVariantGroup section */

/* Begin XCBuildConfiguration section */
		B6CF07EA1868DD58009B16A3 /* Debug */ = {
			isa = XCBuildConfiguration;
			buildSettings = {
				ALWAYS_SEARCH_USER_PATHS = NO;
				CLANG_CXX_LANGUAGE_STANDARD = "gnu++0x";
				CLANG_CXX_LIBRARY = "libc++";
				CLANG_ENABLE_OBJC_ARC = YES;
				CLANG_WARN_BOOL_CONVERSION = YES;
				CLANG_WARN_CONSTANT_CONVERSION = YES;
				CLANG_WARN_DIRECT_OBJC_ISA_USAGE = YES_ERROR;
				CLANG_WARN_EMPTY_BODY = YES;
				CLANG_WARN_ENUM_CONVERSION = YES;
				CLANG_WARN_INT_CONVERSION = YES;
				CLANG_WARN_OBJC_ROOT_CLASS = YES_ERROR;
				CLANG_WARN__DUPLICATE_METHOD_MATCH = YES;
				COPY_PHASE_STRIP = NO;
				GCC_C_LANGUAGE_STANDARD = gnu99;
				GCC_DYNAMIC_NO_PIC = NO;
				GCC_ENABLE_OBJC_EXCEPTIONS = YES;
				GCC_OPTIMIZATION_LEVEL = 0;
				GCC_PREPROCESSOR_DEFINITIONS = (
					"DEBUG=1",
					"$(inherited)",
				);
				GCC_SYMBOLS_PRIVATE_EXTERN = NO;
				GCC_WARN_64_TO_32_BIT_CONVERSION = YES;
				GCC_WARN_ABOUT_RETURN_TYPE = YES_ERROR;
				GCC_WARN_UNDECLARED_SELECTOR = YES;
				GCC_WARN_UNINITIALIZED_AUTOS = YES;
				GCC_WARN_UNUSED_FUNCTION = YES;
				GCC_WARN_UNUSED_VARIABLE = YES;
				MACOSX_DEPLOYMENT_TARGET = 10.9;
				ONLY_ACTIVE_ARCH = YES;
				SDKROOT = macosx;
			};
			name = Debug;
		};
		B6CF07EB1868DD58009B16A3 /* Release */ = {
			isa = XCBuildConfiguration;
			buildSettings = {
				ALWAYS_SEARCH_USER_PATHS = NO;
				CLANG_CXX_LANGUAGE_STANDARD = "gnu++0x";
				CLANG_CXX_LIBRARY = "libc++";
				CLANG_ENABLE_OBJC_ARC = YES;
				CLANG_WARN_BOOL_CONVERSION = YES;
				CLANG_WARN_CONSTANT_CONVERSION = YES;
				CLANG_WARN_DIRECT_OBJC_ISA_USAGE = YES_ERROR;
				CLANG_WARN_EMPTY_BODY = YES;
				CLANG_WARN_ENUM_CONVERSION = YES;
				CLANG_WARN_INT_CONVERSION = YES;
				CLANG_WARN_OBJC_ROOT_CLASS = YES_ERROR;
				CLANG_WARN__DUPLICATE_METHOD_MATCH = YES;
				COPY_PHASE_STRIP = YES;
				DEBUG_INFORMATION_FORMAT = "dwarf-with-dsym";
				ENABLE_NS_ASSERTIONS = NO;
				GCC_C_LANGUAGE_STANDARD = gnu99;
				GCC_ENABLE_OBJC_EXCEPTIONS = YES;
				GCC_WARN_64_TO_32_BIT_CONVERSION = YES;
				GCC_WARN_ABOUT_RETURN_TYPE = YES_ERROR;
				GCC_WARN_UNDECLARED_SELECTOR = YES;
				GCC_WARN_UNINITIALIZED_AUTOS = YES;
				GCC_WARN_UNUSED_FUNCTION = YES;
				GCC_WARN_UNUSED_VARIABLE = YES;
				MACOSX_DEPLOYMENT_TARGET = 10.9;
				SDKROOT = macosx;
			};
			name = Release;
		};
		B6CF07ED1868DD58009B16A3 /* Debug */ = {
			isa = XCBuildConfiguration;
			buildSettings = {
				ARCHS = "$(ARCHS_STANDARD)";
				ASSETCATALOG_COMPILER_APPICON_NAME = AppIcon;
				CLANG_ENABLE_OBJC_ARC = NO;
				CLANG_WARN_BOOL_CONVERSION = NO;
				CLANG_WARN_CONSTANT_CONVERSION = YES;
				CLANG_WARN_EMPTY_BODY = NO;
				CODE_SIGN_ENTITLEMENTS = Rakshata.entitlements;
				CODE_SIGN_IDENTITY = "-";
				COMBINE_HIDPI_IMAGES = YES;
				DEAD_CODE_STRIPPING = NO;
				GCC_CHAR_IS_UNSIGNED_CHAR = NO;
				GCC_C_LANGUAGE_STANDARD = c99;
				GCC_FAST_MATH = NO;
				GCC_PRECOMPILE_PREFIX_HEADER = YES;
				GCC_PREFIX_HEADER = "Objective C/Rakshata-Prefix.pch";
				GCC_UNROLL_LOOPS = YES;
				GCC_WARN_64_TO_32_BIT_CONVERSION = NO;
				GCC_WARN_ABOUT_DEPRECATED_FUNCTIONS = NO;
				INFOPLIST_FILE = info.plist;
				LIBRARY_SEARCH_PATHS = (
					"$(inherited)",
					/Users/Taiki/Mavy/Rakshata/Ressources,
				);
				LLVM_LTO = NO;
				LLVM_VECTORIZE_LOOPS = NO;
				MACOSX_DEPLOYMENT_TARGET = 10.8;
				PRODUCT_NAME = Rakshata;
				SDKROOT = macosx10.8;
				STRIP_INSTALLED_PRODUCT = NO;
				STRIP_STYLE = debugging;
				VERSIONING_SYSTEM = "apple-generic";
				WARNING_CFLAGS = "-Wunreachable-code";
				WRAPPER_EXTENSION = app;
			};
			name = Debug;
		};
		B6CF07EE1868DD58009B16A3 /* Release */ = {
			isa = XCBuildConfiguration;
			buildSettings = {
				ARCHS = "$(ARCHS_STANDARD)";
				ASSETCATALOG_COMPILER_APPICON_NAME = AppIcon;
				CLANG_ENABLE_OBJC_ARC = NO;
				CLANG_WARN_BOOL_CONVERSION = YES;
				CLANG_WARN_EMPTY_BODY = NO;
				CODE_SIGN_ENTITLEMENTS = Rakshata.entitlements;
				CODE_SIGN_IDENTITY = "-";
				COMBINE_HIDPI_IMAGES = YES;
				DEAD_CODE_STRIPPING = YES;
				GCC_CHAR_IS_UNSIGNED_CHAR = NO;
				GCC_C_LANGUAGE_STANDARD = c99;
				GCC_FAST_MATH = NO;
				GCC_GENERATE_DEBUGGING_SYMBOLS = NO;
				GCC_OPTIMIZATION_LEVEL = fast;
				GCC_PRECOMPILE_PREFIX_HEADER = YES;
				GCC_PREFIX_HEADER = "Objective C/Rakshata-Prefix.pch";
				GCC_UNROLL_LOOPS = YES;
				GCC_WARN_ABOUT_DEPRECATED_FUNCTIONS = NO;
				INFOPLIST_FILE = info.plist;
				LIBRARY_SEARCH_PATHS = (
					"$(inherited)",
					/Users/Taiki/Mavy/Rakshata/Ressources,
				);
				LLVM_LTO = YES;
				LLVM_VECTORIZE_LOOPS = NO;
				MACOSX_DEPLOYMENT_TARGET = 10.8;
				PRODUCT_NAME = Rakshata;
				SDKROOT = macosx10.8;
				STRIP_INSTALLED_PRODUCT = YES;
				VERSIONING_SYSTEM = "apple-generic";
				WARNING_CFLAGS = "-Wunreachable-code";
				WRAPPER_EXTENSION = app;
			};
			name = Release;
		};
/* End XCBuildConfiguration section */

/* Begin XCConfigurationList section */
		B6CF07B61868DD58009B16A3 /* Build configuration list for PBXProject "Rakshata" */ = {
			isa = XCConfigurationList;
			buildConfigurations = (
				B6CF07EA1868DD58009B16A3 /* Debug */,
				B6CF07EB1868DD58009B16A3 /* Release */,
			);
			defaultConfigurationIsVisible = 0;
			defaultConfigurationName = Release;
		};
		B6CF07EC1868DD58009B16A3 /* Build configuration list for PBXNativeTarget "Rakshata" */ = {
			isa = XCConfigurationList;
			buildConfigurations = (
				B6CF07ED1868DD58009B16A3 /* Debug */,
				B6CF07EE1868DD58009B16A3 /* Release */,
			);
			defaultConfigurationIsVisible = 0;
			defaultConfigurationName = Release;
		};
/* End XCConfigurationList section */
	};
	rootObject = B6CF07B31868DD58009B16A3 /* Project object */;
}
