<?xml version="1.0" encoding="UTF-8" standalone="yes" ?>
<CodeBlocks_project_file>
	<FileVersion major="1" minor="6" />
	<Project>
		<Option title="Rakshata" />
		<Option pch_mode="2" />
		<Option compiler="gcc" />
		<Build>
			<Target title="Debug">
				<Option platforms="Windows;" />
				<Option output="Rakshata" prefix_auto="1" extension_auto="1" />
				<Option object_output="obj/Debug/" />
				<Option type="0" />
				<Option compiler="gcc" />
				<Compiler>
					<Add option="-g" />
					<Add option="-DDEBUG" />
				</Compiler>
			</Target>
			<Target title="Release">
				<Option output="Rakshata - Release" prefix_auto="1" extension_auto="1" />
				<Option object_output="obj/Release/" />
				<Option type="0" />
				<Option compiler="gcc" />
				<Compiler>
					<Add option="-Os" />
					<Add option="-O2" />
					<Add option="-DRELEASE" />
				</Compiler>
				<Linker>
					<Add option="-s" />
				</Linker>
			</Target>
		</Build>
		<Compiler>
			<Add option="-Wall" />
			<Add option="-DCURL_STATICLIB" />
			<Add option="-D__GCC__" />
			<Add directory="data/lib/include" />
			<Add directory="data/lib/include/curl" />
		</Compiler>
		<Linker>
			<Add option="-static-libgcc" />
			<Add option="-static" />
			<Add library="mingw32" />
			<Add library="libSDL_image.a" />
			<Add library="libSDL.a" />
			<Add library="libSDL_ttf.a" />
			<Add library="libfreetype.a" />
			<Add library="libcurl.a" />
			<Add library="librtmp.a" />
			<Add library="libidn.a" />
			<Add library="libssl.a" />
			<Add library="libssh2.a" />
			<Add library="libcrypto.a" />
			<Add library="libzip.a" />
			<Add library="wldap32" />
			<Add library="ws2_32" />
			<Add library="winmm" />
			<Add library="data\lib\Gdi32.Lib" />
			<Add library="user32" />
			<Add library="dxguid" />
			<Add library="data\lib\Ole32.Lib" />
			<Add library="data\lib\Imm32.Lib" />
			<Add library="data\lib\Uuid.Lib" />
			<Add library="data\lib\Version.Lib" />
			<Add library="data\lib\OleAut32.Lib" />
			<Add directory="data/lib" />
		</Linker>
		<Unit filename="CTCommon.c">
			<Option compilerVar="CC" />
		</Unit>
		<Unit filename="MDLCache.h" />
		<Unit filename="affichage.c">
			<Option compilerVar="CC" />
		</Unit>
		<Unit filename="chapitre.c">
			<Option compilerVar="CC" />
		</Unit>
		<Unit filename="check.c">
			<Option compilerVar="CC" />
		</Unit>
		<Unit filename="crypto/Rijndael.c">
			<Option compilerVar="CC" />
		</Unit>
		<Unit filename="crypto/Rijndael.h" />
		<Unit filename="crypto/Serpent.c">
			<Option compilerVar="CC" />
		</Unit>
		<Unit filename="crypto/Serpent.h" />
		<Unit filename="crypto/Twofish.c">
			<Option compilerVar="CC" />
		</Unit>
		<Unit filename="crypto/crypto.h" />
		<Unit filename="crypto/pbkdf2.c">
			<Option compilerVar="CC" />
		</Unit>
		<Unit filename="crypto/sha256.c">
			<Option compilerVar="CC" />
		</Unit>
		<Unit filename="database.c">
			<Option compilerVar="CC" />
		</Unit>
		<Unit filename="defines.h" />
		<Unit filename="download.c">
			<Option compilerVar="CC" />
		</Unit>
		<Unit filename="engine.c">
			<Option compilerVar="CC" />
		</Unit>
		<Unit filename="error.c">
			<Option compilerVar="CC" />
		</Unit>
		<Unit filename="externs.h" />
		<Unit filename="favoris.c">
			<Option compilerVar="CC" />
		</Unit>
		<Unit filename="fonctions.h" />
		<Unit filename="interface.c">
			<Option compilerVar="CC" />
		</Unit>
		<Unit filename="io.c">
			<Option compilerVar="CC" />
		</Unit>
		<Unit filename="keys.c">
			<Option compilerVar="CC" />
		</Unit>
		<Unit filename="lecteur.c">
			<Option compilerVar="CC" />
		</Unit>
		<Unit filename="lecteur.h" />
		<Unit filename="main.h" />
		<Unit filename="mainfunctions.c">
			<Option compilerVar="CC" />
		</Unit>
		<Unit filename="menu.c">
			<Option compilerVar="CC" />
		</Unit>
		<Unit filename="moduleDL.h" />
		<Unit filename="moduleDL2.c">
			<Option compilerVar="CC" />
		</Unit>
		<Unit filename="moduleDL2_UI.c">
			<Option compilerVar="CC" />
		</Unit>
		<Unit filename="moduleDL2_events.c">
			<Option compilerVar="CC" />
		</Unit>
		<Unit filename="moduleDL2_paid.c">
			<Option compilerVar="CC" />
		</Unit>
		<Unit filename="moduleDL2_tool.c">
			<Option compilerVar="CC" />
		</Unit>
		<Unit filename="moduleDL_selec.c">
			<Option compilerVar="CC" />
		</Unit>
		<Unit filename="native.c">
			<Option compilerVar="CC" />
		</Unit>
		<Unit filename="prototypes.h" />
		<Unit filename="rakshata.c">
			<Option compilerVar="CC" />
		</Unit>
		<Unit filename="repo.c">
			<Option compilerVar="CC" />
		</Unit>
		<Unit filename="ressources.rc">
			<Option compilerVar="WINDRES" />
		</Unit>
		<Unit filename="securite.c">
			<Option compilerVar="CC" />
		</Unit>
		<Unit filename="selection.c">
			<Option compilerVar="CC" />
		</Unit>
		<Unit filename="settings.c">
			<Option compilerVar="CC" />
		</Unit>
		<Unit filename="structures.h" />
		<Unit filename="thread.c">
			<Option compilerVar="CC" />
		</Unit>
		<Unit filename="tome.c">
			<Option compilerVar="CC" />
		</Unit>
		<Unit filename="translation.c">
			<Option compilerVar="CC" />
		</Unit>
		<Unit filename="unzip.c">
			<Option compilerVar="CC" />
		</Unit>
		<Unit filename="unzip/crypt.h" />
		<Unit filename="unzip/ioapi.c">
			<Option compilerVar="CC" />
		</Unit>
		<Unit filename="unzip/ioapi.h" />
		<Unit filename="unzip/iowin32.c">
			<Option compilerVar="CC" />
		</Unit>
		<Unit filename="unzip/miniunz.c">
			<Option compilerVar="CC" />
		</Unit>
		<Unit filename="unzip/miniunzip.h" />
		<Unit filename="unzip/unzip.h" />
		<Unit filename="unzip/unzip_mz.c">
			<Option compilerVar="CC" />
		</Unit>
		<Unit filename="unzip/zlib/zconf.h" />
		<Unit filename="unzip/zlib/zlib.h" />
		<Unit filename="update.c">
			<Option compilerVar="CC" />
		</Unit>
		<Unit filename="utilitaires.c">
			<Option compilerVar="CC" />
		</Unit>
		<Extensions>
			<code_completion />
			<debugger />
			<wxsmith version="1">
				<gui name="wxWidgets" src="" main="" init_handlers="necessary" language="CPP" />
			</wxsmith>
			<DoxyBlocks>
				<comment_style block="0" line="0" />
				<doxyfile_project />
				<doxyfile_build />
				<doxyfile_warnings />
				<doxyfile_output />
				<doxyfile_dot />
				<general />
			</DoxyBlocks>
			<envvars />
			<AutoVersioning>
				<Scheme minor_max="10" build_max="0" rev_max="0" rev_rand_max="10" build_times_to_increment_minor="100" />
				<Settings autoincrement="1" date_declarations="1" update_manifest="1" do_auto_increment="0" ask_to_increment="0" language="C" svn="0" svn_directory="" header_path="version.h" />
				<Changes_Log show_changes_editor="0" app_title="released version %M.%m.%b of %p" changeslog_path="ChangesLog.txt" />
				<Code header_guard="VERSION_H" namespace="AutoVersion" prefix="" />
			</AutoVersioning>
		</Extensions>
	</Project>
</CodeBlocks_project_file>
