// !$*UTF8*$!
{
	archiveVersion = 1;
	classes = {
	};
	objectVersion = 46;
	objects = {

/* Begin PBXBuildFile section */
		B62F81DF1DE1E724000AE12C /* RakView.h in Headers */ = {isa = PBXBuildFile; fileRef = B62F81DD1DE1E724000AE12C /* RakView.h */; settings = {ATTRIBUTES = (Public, ); }; };
		B62F81E01DE1E724000AE12C /* RakView.m in Sources */ = {isa = PBXBuildFile; fileRef = B62F81DE1DE1E724000AE12C /* RakView.m */; };
		B684D14F1DE26ADF00982DD7 /* shared_utils.h in Headers */ = {isa = PBXBuildFile; fileRef = B684D14D1DE26ADF00982DD7 /* shared_utils.h */; settings = {ATTRIBUTES = (Public, ); }; };
		B684D1501DE26ADF00982DD7 /* shared_utils.m in Sources */ = {isa = PBXBuildFile; fileRef = B684D14E1DE26ADF00982DD7 /* shared_utils.m */; };
		B684D1531DE26BE700982DD7 /* NSImage+Tint.h in Headers */ = {isa = PBXBuildFile; fileRef = B684D1511DE26BE700982DD7 /* NSImage+Tint.h */; settings = {ATTRIBUTES = (Public, ); }; };
		B684D1541DE26BE700982DD7 /* NSImage+Tint.m in Sources */ = {isa = PBXBuildFile; fileRef = B684D1521DE26BE700982DD7 /* NSImage+Tint.m */; };
		B697B9BB1DE1FF6C007079CE /* RakAnimationController.h in Headers */ = {isa = PBXBuildFile; fileRef = B697B9B81DE1FF6C007079CE /* RakAnimationController.h */; settings = {ATTRIBUTES = (Public, ); }; };
		B697B9BC1DE1FF6C007079CE /* RakAnimationController.m in Sources */ = {isa = PBXBuildFile; fileRef = B697B9B91DE1FF6C007079CE /* RakAnimationController.m */; };
		B697B9CE1DE20075007079CE /* RakButton.h in Headers */ = {isa = PBXBuildFile; fileRef = B697B9BE1DE20075007079CE /* RakButton.h */; settings = {ATTRIBUTES = (Public, ); }; };
		B697B9CF1DE20075007079CE /* RakButton.m in Sources */ = {isa = PBXBuildFile; fileRef = B697B9BF1DE20075007079CE /* RakButton.m */; };
		B697B9D01DE20075007079CE /* RakCustomButton.h in Headers */ = {isa = PBXBuildFile; fileRef = B697B9C01DE20075007079CE /* RakCustomButton.h */; settings = {ATTRIBUTES = (Public, ); }; };
		B697B9D11DE20075007079CE /* RakCustomButton.m in Sources */ = {isa = PBXBuildFile; fileRef = B697B9C11DE20075007079CE /* RakCustomButton.m */; };
		B697B9D21DE20075007079CE /* RakPopUpButton.h in Headers */ = {isa = PBXBuildFile; fileRef = B697B9C21DE20075007079CE /* RakPopUpButton.h */; settings = {ATTRIBUTES = (Public, ); }; };
		B697B9D31DE20075007079CE /* RakPopUpButton.m in Sources */ = {isa = PBXBuildFile; fileRef = B697B9C31DE20075007079CE /* RakPopUpButton.m */; };
		B697B9D41DE20075007079CE /* RakSegmentedButtonCell.h in Headers */ = {isa = PBXBuildFile; fileRef = B697B9C41DE20075007079CE /* RakSegmentedButtonCell.h */; settings = {ATTRIBUTES = (Public, ); }; };
		B697B9D51DE20075007079CE /* RakSegmentedButtonCell.m in Sources */ = {isa = PBXBuildFile; fileRef = B697B9C51DE20075007079CE /* RakSegmentedButtonCell.m */; };
		B697B9D61DE20075007079CE /* RakSegmentedControl.h in Headers */ = {isa = PBXBuildFile; fileRef = B697B9C61DE20075007079CE /* RakSegmentedControl.h */; settings = {ATTRIBUTES = (Public, ); }; };
		B697B9D71DE20075007079CE /* RakSegmentedControl.m in Sources */ = {isa = PBXBuildFile; fileRef = B697B9C71DE20075007079CE /* RakSegmentedControl.m */; };
		B697B9D81DE20075007079CE /* RakSlideshowButton.h in Headers */ = {isa = PBXBuildFile; fileRef = B697B9C81DE20075007079CE /* RakSlideshowButton.h */; settings = {ATTRIBUTES = (Public, ); }; };
		B697B9D91DE20075007079CE /* RakSlideshowButton.m in Sources */ = {isa = PBXBuildFile; fileRef = B697B9C91DE20075007079CE /* RakSlideshowButton.m */; };
		B697B9DA1DE20075007079CE /* RakStatusButton.h in Headers */ = {isa = PBXBuildFile; fileRef = B697B9CA1DE20075007079CE /* RakStatusButton.h */; settings = {ATTRIBUTES = (Public, ); }; };
		B697B9DB1DE20075007079CE /* RakStatusButton.m in Sources */ = {isa = PBXBuildFile; fileRef = B697B9CB1DE20075007079CE /* RakStatusButton.m */; };
		B697B9DC1DE20075007079CE /* RakSwitchButton.h in Headers */ = {isa = PBXBuildFile; fileRef = B697B9CC1DE20075007079CE /* RakSwitchButton.h */; settings = {ATTRIBUTES = (Public, ); }; };
		B697B9DD1DE20075007079CE /* RakSwitchButton.m in Sources */ = {isa = PBXBuildFile; fileRef = B697B9CD1DE20075007079CE /* RakSwitchButton.m */; };
		B6C1D9D21DE3611C005A2CB3 /* RakSegmentedAnimationController.h in Headers */ = {isa = PBXBuildFile; fileRef = B6C1D9D01DE3611C005A2CB3 /* RakSegmentedAnimationController.h */; settings = {ATTRIBUTES = (Public, ); }; };
		B6C1D9D31DE3611C005A2CB3 /* RakSegmentedAnimationController.m in Sources */ = {isa = PBXBuildFile; fileRef = B6C1D9D11DE3611C005A2CB3 /* RakSegmentedAnimationController.m */; };
		B6D319651DE097580088C86D /* RakKit.h in Headers */ = {isa = PBXBuildFile; fileRef = B6D319631DE097580088C86D /* RakKit.h */; settings = {ATTRIBUTES = (Public, ); }; };
		B6D3197B1DE09C970088C86D /* RakClickableText.h in Headers */ = {isa = PBXBuildFile; fileRef = B6D319701DE09C970088C86D /* RakClickableText.h */; settings = {ATTRIBUTES = (Public, ); }; };
		B6D3197C1DE09C970088C86D /* RakClickableText.m in Sources */ = {isa = PBXBuildFile; fileRef = B6D319711DE09C970088C86D /* RakClickableText.m */; };
		B6D3197D1DE09C970088C86D /* RakMenuText.h in Headers */ = {isa = PBXBuildFile; fileRef = B6D319721DE09C970088C86D /* RakMenuText.h */; settings = {ATTRIBUTES = (Public, ); }; };
		B6D3197E1DE09C970088C86D /* RakMenuText.m in Sources */ = {isa = PBXBuildFile; fileRef = B6D319731DE09C970088C86D /* RakMenuText.m */; };
		B6D3197F1DE09C970088C86D /* RakText.h in Headers */ = {isa = PBXBuildFile; fileRef = B6D319741DE09C970088C86D /* RakText.h */; settings = {ATTRIBUTES = (Public, ); }; };
		B6D319801DE09C970088C86D /* RakText.m in Sources */ = {isa = PBXBuildFile; fileRef = B6D319751DE09C970088C86D /* RakText.m */; };
		B6D319811DE09C970088C86D /* RakTextCell.h in Headers */ = {isa = PBXBuildFile; fileRef = B6D319761DE09C970088C86D /* RakTextCell.h */; settings = {ATTRIBUTES = (Public, ); }; };
		B6D319821DE09C970088C86D /* RakTextCell.m in Sources */ = {isa = PBXBuildFile; fileRef = B6D319771DE09C970088C86D /* RakTextCell.m */; };
		B6D3199D1DE0A5CD0088C86D /* Prefs.h in Headers */ = {isa = PBXBuildFile; fileRef = B6D3198E1DE0A5CD0088C86D /* Prefs.h */; settings = {ATTRIBUTES = (Public, ); }; };
		B6D3199E1DE0A5CD0088C86D /* Prefs.m in Sources */ = {isa = PBXBuildFile; fileRef = B6D3198F1DE0A5CD0088C86D /* Prefs.m */; };
/* End PBXBuildFile section */

/* Begin PBXFileReference section */
		B62F81DD1DE1E724000AE12C /* RakView.h */ = {isa = PBXFileReference; fileEncoding = 4; lastKnownFileType = sourcecode.c.h; name = RakView.h; path = RakKit/RakView.h; sourceTree = "<group>"; };
		B62F81DE1DE1E724000AE12C /* RakView.m */ = {isa = PBXFileReference; fileEncoding = 4; lastKnownFileType = sourcecode.c.objc; name = RakView.m; path = RakKit/RakView.m; sourceTree = "<group>"; };
		B684D14D1DE26ADF00982DD7 /* shared_utils.h */ = {isa = PBXFileReference; fileEncoding = 4; lastKnownFileType = sourcecode.c.h; path = shared_utils.h; sourceTree = "<group>"; };
		B684D14E1DE26ADF00982DD7 /* shared_utils.m */ = {isa = PBXFileReference; fileEncoding = 4; lastKnownFileType = sourcecode.c.objc; path = shared_utils.m; sourceTree = "<group>"; };
		B684D1511DE26BE700982DD7 /* NSImage+Tint.h */ = {isa = PBXFileReference; fileEncoding = 4; lastKnownFileType = sourcecode.c.h; path = "NSImage+Tint.h"; sourceTree = "<group>"; };
		B684D1521DE26BE700982DD7 /* NSImage+Tint.m */ = {isa = PBXFileReference; fileEncoding = 4; lastKnownFileType = sourcecode.c.objc; path = "NSImage+Tint.m"; sourceTree = "<group>"; };
		B697B9B81DE1FF6C007079CE /* RakAnimationController.h */ = {isa = PBXFileReference; fileEncoding = 4; lastKnownFileType = sourcecode.c.h; name = RakAnimationController.h; path = Utils/RakAnimationController.h; sourceTree = "<group>"; };
		B697B9B91DE1FF6C007079CE /* RakAnimationController.m */ = {isa = PBXFileReference; fileEncoding = 4; lastKnownFileType = sourcecode.c.objc; name = RakAnimationController.m; path = Utils/RakAnimationController.m; sourceTree = "<group>"; };
		B697B9BE1DE20075007079CE /* RakButton.h */ = {isa = PBXFileReference; fileEncoding = 4; lastKnownFileType = sourcecode.c.h; path = RakButton.h; sourceTree = "<group>"; };
		B697B9BF1DE20075007079CE /* RakButton.m */ = {isa = PBXFileReference; fileEncoding = 4; lastKnownFileType = sourcecode.c.objc; path = RakButton.m; sourceTree = "<group>"; };
		B697B9C01DE20075007079CE /* RakCustomButton.h */ = {isa = PBXFileReference; fileEncoding = 4; lastKnownFileType = sourcecode.c.h; path = RakCustomButton.h; sourceTree = "<group>"; };
		B697B9C11DE20075007079CE /* RakCustomButton.m */ = {isa = PBXFileReference; fileEncoding = 4; lastKnownFileType = sourcecode.c.objc; path = RakCustomButton.m; sourceTree = "<group>"; };
		B697B9C21DE20075007079CE /* RakPopUpButton.h */ = {isa = PBXFileReference; fileEncoding = 4; lastKnownFileType = sourcecode.c.h; path = RakPopUpButton.h; sourceTree = "<group>"; };
		B697B9C31DE20075007079CE /* RakPopUpButton.m */ = {isa = PBXFileReference; fileEncoding = 4; lastKnownFileType = sourcecode.c.objc; path = RakPopUpButton.m; sourceTree = "<group>"; };
		B697B9C41DE20075007079CE /* RakSegmentedButtonCell.h */ = {isa = PBXFileReference; fileEncoding = 4; lastKnownFileType = sourcecode.c.h; path = RakSegmentedButtonCell.h; sourceTree = "<group>"; };
		B697B9C51DE20075007079CE /* RakSegmentedButtonCell.m */ = {isa = PBXFileReference; fileEncoding = 4; lastKnownFileType = sourcecode.c.objc; path = RakSegmentedButtonCell.m; sourceTree = "<group>"; };
		B697B9C61DE20075007079CE /* RakSegmentedControl.h */ = {isa = PBXFileReference; fileEncoding = 4; lastKnownFileType = sourcecode.c.h; path = RakSegmentedControl.h; sourceTree = "<group>"; };
		B697B9C71DE20075007079CE /* RakSegmentedControl.m */ = {isa = PBXFileReference; fileEncoding = 4; lastKnownFileType = sourcecode.c.objc; path = RakSegmentedControl.m; sourceTree = "<group>"; };
		B697B9C81DE20075007079CE /* RakSlideshowButton.h */ = {isa = PBXFileReference; fileEncoding = 4; lastKnownFileType = sourcecode.c.h; path = RakSlideshowButton.h; sourceTree = "<group>"; };
		B697B9C91DE20075007079CE /* RakSlideshowButton.m */ = {isa = PBXFileReference; fileEncoding = 4; lastKnownFileType = sourcecode.c.objc; path = RakSlideshowButton.m; sourceTree = "<group>"; };
		B697B9CA1DE20075007079CE /* RakStatusButton.h */ = {isa = PBXFileReference; fileEncoding = 4; lastKnownFileType = sourcecode.c.h; path = RakStatusButton.h; sourceTree = "<group>"; };
		B697B9CB1DE20075007079CE /* RakStatusButton.m */ = {isa = PBXFileReference; fileEncoding = 4; lastKnownFileType = sourcecode.c.objc; path = RakStatusButton.m; sourceTree = "<group>"; };
		B697B9CC1DE20075007079CE /* RakSwitchButton.h */ = {isa = PBXFileReference; fileEncoding = 4; lastKnownFileType = sourcecode.c.h; path = RakSwitchButton.h; sourceTree = "<group>"; };
		B697B9CD1DE20075007079CE /* RakSwitchButton.m */ = {isa = PBXFileReference; fileEncoding = 4; lastKnownFileType = sourcecode.c.objc; path = RakSwitchButton.m; sourceTree = "<group>"; };
		B6C1D9D01DE3611C005A2CB3 /* RakSegmentedAnimationController.h */ = {isa = PBXFileReference; fileEncoding = 4; lastKnownFileType = sourcecode.c.h; name = RakSegmentedAnimationController.h; path = CTSelec/RakSegmentedAnimationController.h; sourceTree = "<group>"; };
		B6C1D9D11DE3611C005A2CB3 /* RakSegmentedAnimationController.m */ = {isa = PBXFileReference; fileEncoding = 4; lastKnownFileType = sourcecode.c.objc; name = RakSegmentedAnimationController.m; path = CTSelec/RakSegmentedAnimationController.m; sourceTree = "<group>"; };
		B6D319601DE097580088C86D /* RakKit.framework */ = {isa = PBXFileReference; explicitFileType = wrapper.framework; includeInIndex = 0; path = RakKit.framework; sourceTree = BUILT_PRODUCTS_DIR; };
		B6D319631DE097580088C86D /* RakKit.h */ = {isa = PBXFileReference; lastKnownFileType = sourcecode.c.h; path = RakKit.h; sourceTree = "<group>"; };
		B6D319641DE097580088C86D /* Info.plist */ = {isa = PBXFileReference; lastKnownFileType = text.plist.xml; path = Info.plist; sourceTree = "<group>"; };
		B6D319701DE09C970088C86D /* RakClickableText.h */ = {isa = PBXFileReference; fileEncoding = 4; lastKnownFileType = sourcecode.c.h; name = RakClickableText.h; path = Utils/RakClickableText.h; sourceTree = "<group>"; };
		B6D319711DE09C970088C86D /* RakClickableText.m */ = {isa = PBXFileReference; fileEncoding = 4; lastKnownFileType = sourcecode.c.objc; name = RakClickableText.m; path = Utils/RakClickableText.m; sourceTree = "<group>"; };
		B6D319721DE09C970088C86D /* RakMenuText.h */ = {isa = PBXFileReference; fileEncoding = 4; lastKnownFileType = sourcecode.c.h; name = RakMenuText.h; path = Utils/RakMenuText.h; sourceTree = "<group>"; };
		B6D319731DE09C970088C86D /* RakMenuText.m */ = {isa = PBXFileReference; fileEncoding = 4; lastKnownFileType = sourcecode.c.objc; lineEnding = 0; name = RakMenuText.m; path = Utils/RakMenuText.m; sourceTree = "<group>"; };
		B6D319741DE09C970088C86D /* RakText.h */ = {isa = PBXFileReference; fileEncoding = 4; lastKnownFileType = sourcecode.c.h; name = RakText.h; path = Utils/RakText.h; sourceTree = "<group>"; };
		B6D319751DE09C970088C86D /* RakText.m */ = {isa = PBXFileReference; fileEncoding = 4; lastKnownFileType = sourcecode.c.objc; name = RakText.m; path = Utils/RakText.m; sourceTree = "<group>"; };
		B6D319761DE09C970088C86D /* RakTextCell.h */ = {isa = PBXFileReference; fileEncoding = 4; lastKnownFileType = sourcecode.c.h; name = RakTextCell.h; path = Utils/RakTextCell.h; sourceTree = "<group>"; };
		B6D319771DE09C970088C86D /* RakTextCell.m */ = {isa = PBXFileReference; fileEncoding = 4; lastKnownFileType = sourcecode.c.objc; name = RakTextCell.m; path = Utils/RakTextCell.m; sourceTree = "<group>"; };
		B6D319831DE09D0D0088C86D /* RakKit_macOS.pch */ = {isa = PBXFileReference; lastKnownFileType = sourcecode.c.h; name = RakKit_macOS.pch; path = RakKit/RakKit_macOS.pch; sourceTree = SOURCE_ROOT; };
		B6D3198E1DE0A5CD0088C86D /* Prefs.h */ = {isa = PBXFileReference; fileEncoding = 4; lastKnownFileType = sourcecode.c.h; name = Prefs.h; path = Prefs/Prefs.h; sourceTree = "<group>"; };
		B6D3198F1DE0A5CD0088C86D /* Prefs.m */ = {isa = PBXFileReference; fileEncoding = 4; lastKnownFileType = sourcecode.c.objc; lineEnding = 0; name = Prefs.m; path = Prefs/Prefs.m; sourceTree = "<group>"; xcLanguageSpecificationIdentifier = xcode.lang.objc; };
/* End PBXFileReference section */

/* Begin PBXFrameworksBuildPhase section */
		B6D3195C1DE097580088C86D /* Frameworks */ = {
			isa = PBXFrameworksBuildPhase;
			buildActionMask = 2147483647;
			files = (
			);
			runOnlyForDeploymentPostprocessing = 0;
		};
/* End PBXFrameworksBuildPhase section */

/* Begin PBXGroup section */
		B697B9BA1DE1FF6C007079CE /* Animation */ = {
			isa = PBXGroup;
			children = (
				B697B9B81DE1FF6C007079CE /* RakAnimationController.h */,
				B697B9B91DE1FF6C007079CE /* RakAnimationController.m */,
				B6C1D9D01DE3611C005A2CB3 /* RakSegmentedAnimationController.h */,
				B6C1D9D11DE3611C005A2CB3 /* RakSegmentedAnimationController.m */,
			);
			name = Animation;
			path = ../Common;
			sourceTree = "<group>";
		};
		B697B9BD1DE2005D007079CE /* Bouton */ = {
			isa = PBXGroup;
			children = (
				B697B9BE1DE20075007079CE /* RakButton.h */,
				B697B9BF1DE20075007079CE /* RakButton.m */,
				B697B9C01DE20075007079CE /* RakCustomButton.h */,
				B697B9C11DE20075007079CE /* RakCustomButton.m */,
				B697B9C21DE20075007079CE /* RakPopUpButton.h */,
				B697B9C31DE20075007079CE /* RakPopUpButton.m */,
				B697B9C41DE20075007079CE /* RakSegmentedButtonCell.h */,
				B697B9C51DE20075007079CE /* RakSegmentedButtonCell.m */,
				B697B9C61DE20075007079CE /* RakSegmentedControl.h */,
				B697B9C71DE20075007079CE /* RakSegmentedControl.m */,
				B697B9C81DE20075007079CE /* RakSlideshowButton.h */,
				B697B9C91DE20075007079CE /* RakSlideshowButton.m */,
				B697B9CA1DE20075007079CE /* RakStatusButton.h */,
				B697B9CB1DE20075007079CE /* RakStatusButton.m */,
				B697B9CC1DE20075007079CE /* RakSwitchButton.h */,
				B697B9CD1DE20075007079CE /* RakSwitchButton.m */,
			);
			name = Bouton;
			sourceTree = "<group>";
		};
		B6D319561DE097580088C86D = {
			isa = PBXGroup;
			children = (
				B6D3196D1DE097F10088C86D /* Shared */,
				B6D3196C1DE097ED0088C86D /* iOS */,
				B6D3196B1DE097E60088C86D /* macOS */,
				B6D319621DE097580088C86D /* RakKit */,
				B6D319611DE097580088C86D /* Products */,
			);
			sourceTree = "<group>";
		};
		B6D319611DE097580088C86D /* Products */ = {
			isa = PBXGroup;
			children = (
				B6D319601DE097580088C86D /* RakKit.framework */,
			);
			name = Products;
			sourceTree = "<group>";
		};
		B6D319621DE097580088C86D /* RakKit */ = {
			isa = PBXGroup;
			children = (
				B6D319631DE097580088C86D /* RakKit.h */,
				B6D319641DE097580088C86D /* Info.plist */,
			);
			path = RakKit;
			sourceTree = "<group>";
		};
		B6D3196B1DE097E60088C86D /* macOS */ = {
			isa = PBXGroup;
			children = (
				B697B9BA1DE1FF6C007079CE /* Animation */,
				B697B9BD1DE2005D007079CE /* Bouton */,
				B684D1511DE26BE700982DD7 /* NSImage+Tint.h */,
				B684D1521DE26BE700982DD7 /* NSImage+Tint.m */,
				B6D319831DE09D0D0088C86D /* RakKit_macOS.pch */,
				B6D319781DE09C970088C86D /* RakText */,
			);
			name = macOS;
			sourceTree = "<group>";
		};
		B6D3196C1DE097ED0088C86D /* iOS */ = {
			isa = PBXGroup;
			children = (
			);
			name = iOS;
			sourceTree = "<group>";
		};
		B6D3196D1DE097F10088C86D /* Shared */ = {
			isa = PBXGroup;
			children = (
				B6D319941DE0A5CD0088C86D /* Prefs */,
				B62F81DD1DE1E724000AE12C /* RakView.h */,
				B62F81DE1DE1E724000AE12C /* RakView.m */,
				B684D14D1DE26ADF00982DD7 /* shared_utils.h */,
				B684D14E1DE26ADF00982DD7 /* shared_utils.m */,
			);
			name = Shared;
			sourceTree = "<group>";
		};
		B6D319781DE09C970088C86D /* RakText */ = {
			isa = PBXGroup;
			children = (
				B6D319701DE09C970088C86D /* RakClickableText.h */,
				B6D319711DE09C970088C86D /* RakClickableText.m */,
				B6D319721DE09C970088C86D /* RakMenuText.h */,
				B6D319731DE09C970088C86D /* RakMenuText.m */,
				B6D319741DE09C970088C86D /* RakText.h */,
				B6D319751DE09C970088C86D /* RakText.m */,
				B6D319761DE09C970088C86D /* RakTextCell.h */,
				B6D319771DE09C970088C86D /* RakTextCell.m */,
			);
			name = RakText;
			path = ../Common;
			sourceTree = "<group>";
		};
		B6D319941DE0A5CD0088C86D /* Prefs */ = {
			isa = PBXGroup;
			children = (
				B6D3198E1DE0A5CD0088C86D /* Prefs.h */,
				B6D3198F1DE0A5CD0088C86D /* Prefs.m */,
			);
			name = Prefs;
			path = ../Common;
			sourceTree = "<group>";
		};
/* End PBXGroup section */

/* Begin PBXHeadersBuildPhase section */
		B6D3195D1DE097580088C86D /* Headers */ = {
			isa = PBXHeadersBuildPhase;
			buildActionMask = 2147483647;
			files = (
				B697B9BB1DE1FF6C007079CE /* RakAnimationController.h in Headers */,
				B6D3199D1DE0A5CD0088C86D /* Prefs.h in Headers */,
				B6D3197B1DE09C970088C86D /* RakClickableText.h in Headers */,
				B6C1D9D21DE3611C005A2CB3 /* RakSegmentedAnimationController.h in Headers */,
				B697B9CE1DE20075007079CE /* RakButton.h in Headers */,
				B684D14F1DE26ADF00982DD7 /* shared_utils.h in Headers */,
				B6D3197F1DE09C970088C86D /* RakText.h in Headers */,
				B697B9D41DE20075007079CE /* RakSegmentedButtonCell.h in Headers */,
				B697B9DC1DE20075007079CE /* RakSwitchButton.h in Headers */,
				B697B9D61DE20075007079CE /* RakSegmentedControl.h in Headers */,
				B697B9D21DE20075007079CE /* RakPopUpButton.h in Headers */,
				B684D1531DE26BE700982DD7 /* NSImage+Tint.h in Headers */,
				B697B9DA1DE20075007079CE /* RakStatusButton.h in Headers */,
				B697B9D01DE20075007079CE /* RakCustomButton.h in Headers */,
				B697B9D81DE20075007079CE /* RakSlideshowButton.h in Headers */,
				B6D319811DE09C970088C86D /* RakTextCell.h in Headers */,
				B6D3197D1DE09C970088C86D /* RakMenuText.h in Headers */,
				B62F81DF1DE1E724000AE12C /* RakView.h in Headers */,
				B6D319651DE097580088C86D /* RakKit.h in Headers */,
			);
			runOnlyForDeploymentPostprocessing = 0;
		};
/* End PBXHeadersBuildPhase section */

/* Begin PBXNativeTarget section */
		B6D3195F1DE097580088C86D /* RakKit */ = {
			isa = PBXNativeTarget;
			buildConfigurationList = B6D319681DE097580088C86D /* Build configuration list for PBXNativeTarget "RakKit" */;
			buildPhases = (
				B6D3195B1DE097580088C86D /* Sources */,
				B6D3195C1DE097580088C86D /* Frameworks */,
				B6D3195D1DE097580088C86D /* Headers */,
				B6D3195E1DE097580088C86D /* Resources */,
			);
			buildRules = (
			);
			dependencies = (
			);
			name = RakKit;
			productName = RakKit;
			productReference = B6D319601DE097580088C86D /* RakKit.framework */;
			productType = "com.apple.product-type.framework";
		};
/* End PBXNativeTarget section */

/* Begin PBXProject section */
		B6D319571DE097580088C86D /* Project object */ = {
			isa = PBXProject;
			attributes = {
				LastUpgradeCheck = 0820;
				ORGANIZATIONNAME = Taiki;
				TargetAttributes = {
					B6D3195F1DE097580088C86D = {
						CreatedOnToolsVersion = 8.1;
						ProvisioningStyle = Automatic;
					};
				};
			};
			buildConfigurationList = B6D3195A1DE097580088C86D /* Build configuration list for PBXProject "RakKit" */;
			compatibilityVersion = "Xcode 3.2";
			developmentRegion = English;
			hasScannedForEncodings = 0;
			knownRegions = (
				en,
			);
			mainGroup = B6D319561DE097580088C86D;
			productRefGroup = B6D319611DE097580088C86D /* Products */;
			projectDirPath = "";
			projectRoot = "";
			targets = (
				B6D3195F1DE097580088C86D /* RakKit */,
			);
		};
/* End PBXProject section */

/* Begin PBXResourcesBuildPhase section */
		B6D3195E1DE097580088C86D /* Resources */ = {
			isa = PBXResourcesBuildPhase;
			buildActionMask = 2147483647;
			files = (
			);
			runOnlyForDeploymentPostprocessing = 0;
		};
/* End PBXResourcesBuildPhase section */

/* Begin PBXSourcesBuildPhase section */
		B6D3195B1DE097580088C86D /* Sources */ = {
			isa = PBXSourcesBuildPhase;
			buildActionMask = 2147483647;
			files = (
				B697B9DD1DE20075007079CE /* RakSwitchButton.m in Sources */,
				B697B9CF1DE20075007079CE /* RakButton.m in Sources */,
				B6D3197E1DE09C970088C86D /* RakMenuText.m in Sources */,
				B697B9DB1DE20075007079CE /* RakStatusButton.m in Sources */,
				B684D1541DE26BE700982DD7 /* NSImage+Tint.m in Sources */,
				B697B9D51DE20075007079CE /* RakSegmentedButtonCell.m in Sources */,
				B697B9D71DE20075007079CE /* RakSegmentedControl.m in Sources */,
				B697B9D11DE20075007079CE /* RakCustomButton.m in Sources */,
				B6D319821DE09C970088C86D /* RakTextCell.m in Sources */,
				B697B9D91DE20075007079CE /* RakSlideshowButton.m in Sources */,
				B6D3197C1DE09C970088C86D /* RakClickableText.m in Sources */,
				B697B9D31DE20075007079CE /* RakPopUpButton.m in Sources */,
				B697B9BC1DE1FF6C007079CE /* RakAnimationController.m in Sources */,
				B6D3199E1DE0A5CD0088C86D /* Prefs.m in Sources */,
				B6C1D9D31DE3611C005A2CB3 /* RakSegmentedAnimationController.m in Sources */,
				B684D1501DE26ADF00982DD7 /* shared_utils.m in Sources */,
				B62F81E01DE1E724000AE12C /* RakView.m in Sources */,
				B6D319801DE09C970088C86D /* RakText.m in Sources */,
			);
			runOnlyForDeploymentPostprocessing = 0;
		};
/* End PBXSourcesBuildPhase section */

/* Begin XCBuildConfiguration section */
		B6D319661DE097580088C86D /* Debug */ = {
			isa = XCBuildConfiguration;
			buildSettings = {
				ALWAYS_SEARCH_USER_PATHS = NO;
				CLANG_ANALYZER_NONNULL = YES;
				CLANG_CXX_LANGUAGE_STANDARD = "gnu++0x";
				CLANG_CXX_LIBRARY = "libc++";
				CLANG_ENABLE_MODULES = YES;
				CLANG_ENABLE_OBJC_ARC = YES;
				CLANG_WARN_BOOL_CONVERSION = YES;
				CLANG_WARN_CONSTANT_CONVERSION = YES;
				CLANG_WARN_DIRECT_OBJC_ISA_USAGE = YES_ERROR;
				CLANG_WARN_DOCUMENTATION_COMMENTS = YES;
				CLANG_WARN_EMPTY_BODY = YES;
				CLANG_WARN_ENUM_CONVERSION = YES;
				CLANG_WARN_INFINITE_RECURSION = YES;
				CLANG_WARN_INT_CONVERSION = YES;
				CLANG_WARN_OBJC_ROOT_CLASS = YES_ERROR;
				CLANG_WARN_SUSPICIOUS_MOVE = YES;
				CLANG_WARN_SUSPICIOUS_MOVES = YES;
				CLANG_WARN_UNREACHABLE_CODE = YES;
				CLANG_WARN__DUPLICATE_METHOD_MATCH = YES;
				CODE_SIGN_IDENTITY = "-";
				COPY_PHASE_STRIP = NO;
				CURRENT_PROJECT_VERSION = 1;
				DEBUG_INFORMATION_FORMAT = dwarf;
				ENABLE_STRICT_OBJC_MSGSEND = YES;
				ENABLE_TESTABILITY = YES;
				GCC_C_LANGUAGE_STANDARD = gnu99;
				GCC_DYNAMIC_NO_PIC = NO;
				GCC_NO_COMMON_BLOCKS = YES;
				GCC_OPTIMIZATION_LEVEL = 0;
				GCC_PREPROCESSOR_DEFINITIONS = (
					"DEBUG=1",
					"$(inherited)",
				);
				GCC_WARN_64_TO_32_BIT_CONVERSION = YES;
				GCC_WARN_ABOUT_RETURN_TYPE = YES_ERROR;
				GCC_WARN_UNDECLARED_SELECTOR = YES;
				GCC_WARN_UNINITIALIZED_AUTOS = YES_AGGRESSIVE;
				GCC_WARN_UNUSED_FUNCTION = YES;
				GCC_WARN_UNUSED_VARIABLE = YES;
				MACOSX_DEPLOYMENT_TARGET = 10.12;
				MTL_ENABLE_DEBUG_INFO = YES;
				ONLY_ACTIVE_ARCH = YES;
				SDKROOT = macosx;
				VERSIONING_SYSTEM = "apple-generic";
				VERSION_INFO_PREFIX = "";
			};
			name = Debug;
		};
		B6D319671DE097580088C86D /* Release */ = {
			isa = XCBuildConfiguration;
			buildSettings = {
				ALWAYS_SEARCH_USER_PATHS = NO;
				CLANG_ANALYZER_NONNULL = YES;
				CLANG_CXX_LANGUAGE_STANDARD = "gnu++0x";
				CLANG_CXX_LIBRARY = "libc++";
				CLANG_ENABLE_MODULES = YES;
				CLANG_ENABLE_OBJC_ARC = YES;
				CLANG_WARN_BOOL_CONVERSION = YES;
				CLANG_WARN_CONSTANT_CONVERSION = YES;
				CLANG_WARN_DIRECT_OBJC_ISA_USAGE = YES_ERROR;
				CLANG_WARN_DOCUMENTATION_COMMENTS = YES;
				CLANG_WARN_EMPTY_BODY = YES;
				CLANG_WARN_ENUM_CONVERSION = YES;
				CLANG_WARN_INFINITE_RECURSION = YES;
				CLANG_WARN_INT_CONVERSION = YES;
				CLANG_WARN_OBJC_ROOT_CLASS = YES_ERROR;
				CLANG_WARN_SUSPICIOUS_MOVE = YES;
				CLANG_WARN_SUSPICIOUS_MOVES = YES;
				CLANG_WARN_UNREACHABLE_CODE = YES;
				CLANG_WARN__DUPLICATE_METHOD_MATCH = YES;
				CODE_SIGN_IDENTITY = "-";
				COPY_PHASE_STRIP = NO;
				CURRENT_PROJECT_VERSION = 1;
				DEBUG_INFORMATION_FORMAT = "dwarf-with-dsym";
				ENABLE_NS_ASSERTIONS = NO;
				ENABLE_STRICT_OBJC_MSGSEND = YES;
				GCC_C_LANGUAGE_STANDARD = gnu99;
				GCC_NO_COMMON_BLOCKS = YES;
				GCC_WARN_64_TO_32_BIT_CONVERSION = YES;
				GCC_WARN_ABOUT_RETURN_TYPE = YES_ERROR;
				GCC_WARN_UNDECLARED_SELECTOR = YES;
				GCC_WARN_UNINITIALIZED_AUTOS = YES_AGGRESSIVE;
				GCC_WARN_UNUSED_FUNCTION = YES;
				GCC_WARN_UNUSED_VARIABLE = YES;
				MACOSX_DEPLOYMENT_TARGET = 10.12;
				MTL_ENABLE_DEBUG_INFO = NO;
				SDKROOT = macosx;
				VERSIONING_SYSTEM = "apple-generic";
				VERSION_INFO_PREFIX = "";
			};
			name = Release;
		};
		B6D319691DE097580088C86D /* Debug */ = {
			isa = XCBuildConfiguration;
			buildSettings = {
				CLANG_ANALYZER_NONNULL = NO;
				CODE_SIGN_IDENTITY = "";
				COMBINE_HIDPI_IMAGES = YES;
				DEFINES_MODULE = YES;
				DYLIB_COMPATIBILITY_VERSION = 1;
				DYLIB_CURRENT_VERSION = 1;
				DYLIB_INSTALL_NAME_BASE = "@rpath";
				FRAMEWORK_VERSION = A;
				GCC_PRECOMPILE_PREFIX_HEADER = YES;
				GCC_PREFIX_HEADER = RakKit/RakKit_macOS.pch;
				INFOPLIST_FILE = RakKit/Info.plist;
				INSTALL_PATH = "$(LOCAL_LIBRARY_DIR)/Frameworks";
				LD_RUNPATH_SEARCH_PATHS = "$(inherited) @executable_path/../Frameworks @loader_path/Frameworks";
				PRODUCT_BUNDLE_IDENTIFIER = us.taiki.RakKit;
				PRODUCT_NAME = "$(TARGET_NAME)";
				SKIP_INSTALL = YES;
			};
			name = Debug;
		};
		B6D3196A1DE097580088C86D /* Release */ = {
			isa = XCBuildConfiguration;
			buildSettings = {
				CLANG_ANALYZER_NONNULL = NO;
				CODE_SIGN_IDENTITY = "";
				COMBINE_HIDPI_IMAGES = YES;
				DEFINES_MODULE = YES;
				DYLIB_COMPATIBILITY_VERSION = 1;
				DYLIB_CURRENT_VERSION = 1;
				DYLIB_INSTALL_NAME_BASE = "@rpath";
				FRAMEWORK_VERSION = A;
				GCC_PRECOMPILE_PREFIX_HEADER = YES;
				GCC_PREFIX_HEADER = RakKit/RakKit_macOS.pch;
				INFOPLIST_FILE = RakKit/Info.plist;
				INSTALL_PATH = "$(LOCAL_LIBRARY_DIR)/Frameworks";
				LD_RUNPATH_SEARCH_PATHS = "$(inherited) @executable_path/../Frameworks @loader_path/Frameworks";
				PRODUCT_BUNDLE_IDENTIFIER = us.taiki.RakKit;
				PRODUCT_NAME = "$(TARGET_NAME)";
				SKIP_INSTALL = YES;
			};
			name = Release;
		};
/* End XCBuildConfiguration section */

/* Begin XCConfigurationList section */
		B6D3195A1DE097580088C86D /* Build configuration list for PBXProject "RakKit" */ = {
			isa = XCConfigurationList;
			buildConfigurations = (
				B6D319661DE097580088C86D /* Debug */,
				B6D319671DE097580088C86D /* Release */,
			);
			defaultConfigurationIsVisible = 0;
			defaultConfigurationName = Release;
		};
		B6D319681DE097580088C86D /* Build configuration list for PBXNativeTarget "RakKit" */ = {
			isa = XCConfigurationList;
			buildConfigurations = (
				B6D319691DE097580088C86D /* Debug */,
				B6D3196A1DE097580088C86D /* Release */,
			);
			defaultConfigurationIsVisible = 0;
			defaultConfigurationName = Release;
		};
/* End XCConfigurationList section */
	};
	rootObject = B6D319571DE097580088C86D /* Project object */;
}
